// !$*UTF8*$!
{
	archiveVersion = 1;
	classes = {
	};
	objectVersion = 50;
	objects = {

/* Begin PBXBuildFile section */
		842F134926310407008A172D /* Gesture.storyboard in Resources */ = {isa = PBXBuildFile; fileRef = 842F134826310407008A172D /* Gesture.storyboard */; };
		842F134C26310416008A172D /* GestureViewController.swift in Sources */ = {isa = PBXBuildFile; fileRef = 842F134B26310416008A172D /* GestureViewController.swift */; };
		842F1350263112B7008A172D /* ScrollViewViewController.swift in Sources */ = {isa = PBXBuildFile; fileRef = 842F134F263112B7008A172D /* ScrollViewViewController.swift */; };
		842F1353263112CB008A172D /* ScrollView.storyboard in Resources */ = {isa = PBXBuildFile; fileRef = 842F1352263112CB008A172D /* ScrollView.storyboard */; };
		842F13572631217D008A172D /* ImgScrollViewViewController.swift in Sources */ = {isa = PBXBuildFile; fileRef = 842F13562631217D008A172D /* ImgScrollViewViewController.swift */; };
		842F135A26312197008A172D /* ImgSwipeViewController.swift in Sources */ = {isa = PBXBuildFile; fileRef = 842F135926312197008A172D /* ImgSwipeViewController.swift */; };
		842F135E26312D00008A172D /* PickerViewViewController.swift in Sources */ = {isa = PBXBuildFile; fileRef = 842F135D26312D00008A172D /* PickerViewViewController.swift */; };
		8442A17D262FAF700077C18A /* AppDelegate.swift in Sources */ = {isa = PBXBuildFile; fileRef = 8442A17C262FAF700077C18A /* AppDelegate.swift */; };
		8442A17F262FAF700077C18A /* SceneDelegate.swift in Sources */ = {isa = PBXBuildFile; fileRef = 8442A17E262FAF700077C18A /* SceneDelegate.swift */; };
		8442A181262FAF700077C18A /* ViewController.swift in Sources */ = {isa = PBXBuildFile; fileRef = 8442A180262FAF700077C18A /* ViewController.swift */; };
		8442A184262FAF700077C18A /* Main.storyboard in Resources */ = {isa = PBXBuildFile; fileRef = 8442A182262FAF700077C18A /* Main.storyboard */; };
		8442A186262FAF710077C18A /* Assets.xcassets in Resources */ = {isa = PBXBuildFile; fileRef = 8442A185262FAF710077C18A /* Assets.xcassets */; };
		8442A189262FAF710077C18A /* LaunchScreen.storyboard in Resources */ = {isa = PBXBuildFile; fileRef = 8442A187262FAF710077C18A /* LaunchScreen.storyboard */; };
		8442A193262FB4730077C18A /* Motion.storyboard in Resources */ = {isa = PBXBuildFile; fileRef = 8442A192262FB4730077C18A /* Motion.storyboard */; };
		8442A196262FB48C0077C18A /* MotionViewController.swift in Sources */ = {isa = PBXBuildFile; fileRef = 8442A195262FB48C0077C18A /* MotionViewController.swift */; };
		8442A19A262FB6200077C18A /* SubViewBackgroundDesign.swift in Sources */ = {isa = PBXBuildFile; fileRef = 8442A199262FB6200077C18A /* SubViewBackgroundDesign.swift */; };
		8442A1A1262FCDD80077C18A /* UIObject.storyboard in Resources */ = {isa = PBXBuildFile; fileRef = 8442A1A0262FCDD80077C18A /* UIObject.storyboard */; };
		8442A1A7262FD56C0077C18A /* LblViewController.swift in Sources */ = {isa = PBXBuildFile; fileRef = 8442A1A6262FD56C0077C18A /* LblViewController.swift */; };
		8442A1B0262FD7880077C18A /* UIObjectViewController.swift in Sources */ = {isa = PBXBuildFile; fileRef = 8442A1AF262FD7880077C18A /* UIObjectViewController.swift */; };
		8442A1B7262FDCB80077C18A /* BtnViewController.swift in Sources */ = {isa = PBXBuildFile; fileRef = 8442A1B6262FDCB80077C18A /* BtnViewController.swift */; };
		8442A1C1263018E40077C18A /* ImgViewViewController.swift in Sources */ = {isa = PBXBuildFile; fileRef = 8442A1C0263018E30077C18A /* ImgViewViewController.swift */; };
		84576F202632A2F30004FF3D /* TableViewViewController.swift in Sources */ = {isa = PBXBuildFile; fileRef = 84576F1F2632A2F30004FF3D /* TableViewViewController.swift */; };
		84576F2B2632D3BD0004FF3D /* TableViewCell.swift in Sources */ = {isa = PBXBuildFile; fileRef = 84576F2A2632D3BD0004FF3D /* TableViewCell.swift */; };
		84647E63263698720094F9CE /* TableView2ViewController.swift in Sources */ = {isa = PBXBuildFile; fileRef = 84647E62263698720094F9CE /* TableView2ViewController.swift */; };
		84647E662636AC510094F9CE /* TableView3ViewController.swift in Sources */ = {isa = PBXBuildFile; fileRef = 84647E652636AC510094F9CE /* TableView3ViewController.swift */; };
		84855E052637DD39009C1D0B /* WebView.storyboard in Resources */ = {isa = PBXBuildFile; fileRef = 84855E042637DD39009C1D0B /* WebView.storyboard */; };
		84855E082637DD49009C1D0B /* WebViewViewController.swift in Sources */ = {isa = PBXBuildFile; fileRef = 84855E072637DD49009C1D0B /* WebViewViewController.swift */; };
		84855E0E26380786009C1D0B /* TableViewSample.storyboard in Resources */ = {isa = PBXBuildFile; fileRef = 84855E0D26380786009C1D0B /* TableViewSample.storyboard */; };
		84855E112638079B009C1D0B /* TableViewSampleViewController.swift in Sources */ = {isa = PBXBuildFile; fileRef = 84855E102638079B009C1D0B /* TableViewSampleViewController.swift */; };
		84855E15263809B6009C1D0B /* CollectionViewSampleViewController.swift in Sources */ = {isa = PBXBuildFile; fileRef = 84855E14263809B6009C1D0B /* CollectionViewSampleViewController.swift */; };
		84855E18263809CE009C1D0B /* CollectionViewSample.storyboard in Resources */ = {isa = PBXBuildFile; fileRef = 84855E17263809CE009C1D0B /* CollectionViewSample.storyboard */; };
		84855E1B26380AA8009C1D0B /* CollectionView1ViewController.swift in Sources */ = {isa = PBXBuildFile; fileRef = 84855E1A26380AA8009C1D0B /* CollectionView1ViewController.swift */; };
		84855E2026380D8D009C1D0B /* CarCollectionViewCell.swift in Sources */ = {isa = PBXBuildFile; fileRef = 84855E1F26380D8D009C1D0B /* CarCollectionViewCell.swift */; };
/* End PBXBuildFile section */

/* Begin PBXFileReference section */
		842F134826310407008A172D /* Gesture.storyboard */ = {isa = PBXFileReference; lastKnownFileType = file.storyboard; path = Gesture.storyboard; sourceTree = "<group>"; };
		842F134B26310416008A172D /* GestureViewController.swift */ = {isa = PBXFileReference; lastKnownFileType = sourcecode.swift; path = GestureViewController.swift; sourceTree = "<group>"; };
		842F134F263112B7008A172D /* ScrollViewViewController.swift */ = {isa = PBXFileReference; lastKnownFileType = sourcecode.swift; path = ScrollViewViewController.swift; sourceTree = "<group>"; };
		842F1352263112CB008A172D /* ScrollView.storyboard */ = {isa = PBXFileReference; lastKnownFileType = file.storyboard; path = ScrollView.storyboard; sourceTree = "<group>"; };
		842F13562631217D008A172D /* ImgScrollViewViewController.swift */ = {isa = PBXFileReference; lastKnownFileType = sourcecode.swift; path = ImgScrollViewViewController.swift; sourceTree = "<group>"; };
		842F135926312197008A172D /* ImgSwipeViewController.swift */ = {isa = PBXFileReference; lastKnownFileType = sourcecode.swift; path = ImgSwipeViewController.swift; sourceTree = "<group>"; };
		842F135D26312D00008A172D /* PickerViewViewController.swift */ = {isa = PBXFileReference; lastKnownFileType = sourcecode.swift; path = PickerViewViewController.swift; sourceTree = "<group>"; };
		8442A179262FAF700077C18A /* iOSSample.app */ = {isa = PBXFileReference; explicitFileType = wrapper.application; includeInIndex = 0; path = iOSSample.app; sourceTree = BUILT_PRODUCTS_DIR; };
		8442A17C262FAF700077C18A /* AppDelegate.swift */ = {isa = PBXFileReference; lastKnownFileType = sourcecode.swift; path = AppDelegate.swift; sourceTree = "<group>"; };
		8442A17E262FAF700077C18A /* SceneDelegate.swift */ = {isa = PBXFileReference; lastKnownFileType = sourcecode.swift; path = SceneDelegate.swift; sourceTree = "<group>"; };
		8442A180262FAF700077C18A /* ViewController.swift */ = {isa = PBXFileReference; lastKnownFileType = sourcecode.swift; path = ViewController.swift; sourceTree = "<group>"; };
		8442A183262FAF700077C18A /* Base */ = {isa = PBXFileReference; lastKnownFileType = file.storyboard; name = Base; path = Base.lproj/Main.storyboard; sourceTree = "<group>"; };
		8442A185262FAF710077C18A /* Assets.xcassets */ = {isa = PBXFileReference; lastKnownFileType = folder.assetcatalog; path = Assets.xcassets; sourceTree = "<group>"; };
		8442A188262FAF710077C18A /* Base */ = {isa = PBXFileReference; lastKnownFileType = file.storyboard; name = Base; path = Base.lproj/LaunchScreen.storyboard; sourceTree = "<group>"; };
		8442A18A262FAF710077C18A /* Info.plist */ = {isa = PBXFileReference; lastKnownFileType = text.plist.xml; path = Info.plist; sourceTree = "<group>"; };
		8442A192262FB4730077C18A /* Motion.storyboard */ = {isa = PBXFileReference; lastKnownFileType = file.storyboard; path = Motion.storyboard; sourceTree = "<group>"; };
		8442A195262FB48C0077C18A /* MotionViewController.swift */ = {isa = PBXFileReference; lastKnownFileType = sourcecode.swift; path = MotionViewController.swift; sourceTree = "<group>"; };
		8442A199262FB6200077C18A /* SubViewBackgroundDesign.swift */ = {isa = PBXFileReference; fileEncoding = 4; lastKnownFileType = sourcecode.swift; path = SubViewBackgroundDesign.swift; sourceTree = "<group>"; };
		8442A1A0262FCDD80077C18A /* UIObject.storyboard */ = {isa = PBXFileReference; lastKnownFileType = file.storyboard; path = UIObject.storyboard; sourceTree = "<group>"; };
		8442A1A6262FD56C0077C18A /* LblViewController.swift */ = {isa = PBXFileReference; lastKnownFileType = sourcecode.swift; path = LblViewController.swift; sourceTree = "<group>"; };
		8442A1AF262FD7880077C18A /* UIObjectViewController.swift */ = {isa = PBXFileReference; lastKnownFileType = sourcecode.swift; path = UIObjectViewController.swift; sourceTree = "<group>"; };
		8442A1B6262FDCB80077C18A /* BtnViewController.swift */ = {isa = PBXFileReference; lastKnownFileType = sourcecode.swift; path = BtnViewController.swift; sourceTree = "<group>"; };
		8442A1C0263018E30077C18A /* ImgViewViewController.swift */ = {isa = PBXFileReference; lastKnownFileType = sourcecode.swift; path = ImgViewViewController.swift; sourceTree = "<group>"; };
		84576F1F2632A2F30004FF3D /* TableViewViewController.swift */ = {isa = PBXFileReference; lastKnownFileType = sourcecode.swift; path = TableViewViewController.swift; sourceTree = "<group>"; };
		84576F2A2632D3BD0004FF3D /* TableViewCell.swift */ = {isa = PBXFileReference; lastKnownFileType = sourcecode.swift; path = TableViewCell.swift; sourceTree = "<group>"; };
		84647E62263698720094F9CE /* TableView2ViewController.swift */ = {isa = PBXFileReference; lastKnownFileType = sourcecode.swift; path = TableView2ViewController.swift; sourceTree = "<group>"; };
		84647E652636AC510094F9CE /* TableView3ViewController.swift */ = {isa = PBXFileReference; lastKnownFileType = sourcecode.swift; path = TableView3ViewController.swift; sourceTree = "<group>"; };
		84855E042637DD39009C1D0B /* WebView.storyboard */ = {isa = PBXFileReference; lastKnownFileType = file.storyboard; path = WebView.storyboard; sourceTree = "<group>"; };
		84855E072637DD49009C1D0B /* WebViewViewController.swift */ = {isa = PBXFileReference; lastKnownFileType = sourcecode.swift; path = WebViewViewController.swift; sourceTree = "<group>"; };
		84855E0D26380786009C1D0B /* TableViewSample.storyboard */ = {isa = PBXFileReference; lastKnownFileType = file.storyboard; path = TableViewSample.storyboard; sourceTree = "<group>"; };
		84855E102638079B009C1D0B /* TableViewSampleViewController.swift */ = {isa = PBXFileReference; lastKnownFileType = sourcecode.swift; path = TableViewSampleViewController.swift; sourceTree = "<group>"; };
		84855E14263809B6009C1D0B /* CollectionViewSampleViewController.swift */ = {isa = PBXFileReference; lastKnownFileType = sourcecode.swift; path = CollectionViewSampleViewController.swift; sourceTree = "<group>"; };
		84855E17263809CE009C1D0B /* CollectionViewSample.storyboard */ = {isa = PBXFileReference; lastKnownFileType = file.storyboard; path = CollectionViewSample.storyboard; sourceTree = "<group>"; };
		84855E1A26380AA8009C1D0B /* CollectionView1ViewController.swift */ = {isa = PBXFileReference; lastKnownFileType = sourcecode.swift; path = CollectionView1ViewController.swift; sourceTree = "<group>"; };
		84855E1F26380D8D009C1D0B /* CarCollectionViewCell.swift */ = {isa = PBXFileReference; lastKnownFileType = sourcecode.swift; path = CarCollectionViewCell.swift; sourceTree = "<group>"; };
/* End PBXFileReference section */

/* Begin PBXFrameworksBuildPhase section */
		8442A176262FAF700077C18A /* Frameworks */ = {
			isa = PBXFrameworksBuildPhase;
			buildActionMask = 2147483647;
			files = (
			);
			runOnlyForDeploymentPostprocessing = 0;
		};
/* End PBXFrameworksBuildPhase section */

/* Begin PBXGroup section */
		842F1347263103E9008A172D /* Gesture */ = {
			isa = PBXGroup;
			children = (
				842F134826310407008A172D /* Gesture.storyboard */,
				842F134B26310416008A172D /* GestureViewController.swift */,
			);
			path = Gesture;
			sourceTree = "<group>";
		};
		842F134E2631129B008A172D /* ScrollView */ = {
			isa = PBXGroup;
			children = (
				842F1352263112CB008A172D /* ScrollView.storyboard */,
				842F134F263112B7008A172D /* ScrollViewViewController.swift */,
				842F13562631217D008A172D /* ImgScrollViewViewController.swift */,
				842F135926312197008A172D /* ImgSwipeViewController.swift */,
			);
			path = ScrollView;
			sourceTree = "<group>";
		};
		8442A170262FAF700077C18A = {
			isa = PBXGroup;
			children = (
				8442A17B262FAF700077C18A /* iOSSample */,
				8442A17A262FAF700077C18A /* Products */,
			);
			sourceTree = "<group>";
		};
		8442A17A262FAF700077C18A /* Products */ = {
			isa = PBXGroup;
			children = (
				8442A179262FAF700077C18A /* iOSSample.app */,
			);
			name = Products;
			sourceTree = "<group>";
		};
		8442A17B262FAF700077C18A /* iOSSample */ = {
			isa = PBXGroup;
			children = (
				84855E0B26380747009C1D0B /* CollectionView */,
				84855E0A2638073A009C1D0B /* TableView */,
				84855E032637DD1D009C1D0B /* WebView */,
				842F134E2631129B008A172D /* ScrollView */,
				842F1347263103E9008A172D /* Gesture */,
				8442A19E262FCDB40077C18A /* UIObject */,
				8442A191262FB3020077C18A /* Motion */,
				8442A17C262FAF700077C18A /* AppDelegate.swift */,
				8442A17E262FAF700077C18A /* SceneDelegate.swift */,
				8442A180262FAF700077C18A /* ViewController.swift */,
				8442A182262FAF700077C18A /* Main.storyboard */,
				8442A185262FAF710077C18A /* Assets.xcassets */,
				8442A187262FAF710077C18A /* LaunchScreen.storyboard */,
				8442A198262FB5F00077C18A /* Extension */,
				8442A18A262FAF710077C18A /* Info.plist */,
			);
			path = iOSSample;
			sourceTree = "<group>";
		};
		8442A191262FB3020077C18A /* Motion */ = {
			isa = PBXGroup;
			children = (
				8442A192262FB4730077C18A /* Motion.storyboard */,
				8442A195262FB48C0077C18A /* MotionViewController.swift */,
			);
			path = Motion;
			sourceTree = "<group>";
		};
		8442A198262FB5F00077C18A /* Extension */ = {
			isa = PBXGroup;
			children = (
				8442A199262FB6200077C18A /* SubViewBackgroundDesign.swift */,
			);
			path = Extension;
			sourceTree = "<group>";
		};
		8442A19E262FCDB40077C18A /* UIObject */ = {
			isa = PBXGroup;
			children = (
				8442A1A0262FCDD80077C18A /* UIObject.storyboard */,
				8442A1AF262FD7880077C18A /* UIObjectViewController.swift */,
				8442A1A6262FD56C0077C18A /* LblViewController.swift */,
				8442A1B6262FDCB80077C18A /* BtnViewController.swift */,
				8442A1C0263018E30077C18A /* ImgViewViewController.swift */,
				842F135D26312D00008A172D /* PickerViewViewController.swift */,
			);
			path = UIObject;
			sourceTree = "<group>";
		};
		84855E032637DD1D009C1D0B /* WebView */ = {
			isa = PBXGroup;
			children = (
				84855E042637DD39009C1D0B /* WebView.storyboard */,
				84855E072637DD49009C1D0B /* WebViewViewController.swift */,
			);
			path = WebView;
			sourceTree = "<group>";
		};
		84855E0A2638073A009C1D0B /* TableView */ = {
			isa = PBXGroup;
			children = (
				84576F1F2632A2F30004FF3D /* TableViewViewController.swift */,
				84576F2A2632D3BD0004FF3D /* TableViewCell.swift */,
				84647E62263698720094F9CE /* TableView2ViewController.swift */,
				84647E652636AC510094F9CE /* TableView3ViewController.swift */,
				84855E102638079B009C1D0B /* TableViewSampleViewController.swift */,
				84855E0D26380786009C1D0B /* TableViewSample.storyboard */,
			);
			path = TableView;
			sourceTree = "<group>";
		};
		84855E0B26380747009C1D0B /* CollectionView */ = {
			isa = PBXGroup;
			children = (
				84855E14263809B6009C1D0B /* CollectionViewSampleViewController.swift */,
				84855E1A26380AA8009C1D0B /* CollectionView1ViewController.swift */,
				84855E17263809CE009C1D0B /* CollectionViewSample.storyboard */,
				84855E1F26380D8D009C1D0B /* CarCollectionViewCell.swift */,
			);
			path = CollectionView;
			sourceTree = "<group>";
		};
/* End PBXGroup section */

/* Begin PBXNativeTarget section */
		8442A178262FAF700077C18A /* iOSSample */ = {
			isa = PBXNativeTarget;
			buildConfigurationList = 8442A18D262FAF710077C18A /* Build configuration list for PBXNativeTarget "iOSSample" */;
			buildPhases = (
				8442A175262FAF700077C18A /* Sources */,
				8442A176262FAF700077C18A /* Frameworks */,
				8442A177262FAF700077C18A /* Resources */,
			);
			buildRules = (
			);
			dependencies = (
			);
			name = iOSSample;
			productName = iOSSample;
			productReference = 8442A179262FAF700077C18A /* iOSSample.app */;
			productType = "com.apple.product-type.application";
		};
/* End PBXNativeTarget section */

/* Begin PBXProject section */
		8442A171262FAF700077C18A /* Project object */ = {
			isa = PBXProject;
			attributes = {
				LastSwiftUpdateCheck = 1240;
				LastUpgradeCheck = 1240;
				TargetAttributes = {
					8442A178262FAF700077C18A = {
						CreatedOnToolsVersion = 12.4;
					};
				};
			};
			buildConfigurationList = 8442A174262FAF700077C18A /* Build configuration list for PBXProject "iOSSample" */;
			compatibilityVersion = "Xcode 9.3";
			developmentRegion = en;
			hasScannedForEncodings = 0;
			knownRegions = (
				en,
				Base,
			);
			mainGroup = 8442A170262FAF700077C18A;
			productRefGroup = 8442A17A262FAF700077C18A /* Products */;
			projectDirPath = "";
			projectRoot = "";
			targets = (
				8442A178262FAF700077C18A /* iOSSample */,
			);
		};
/* End PBXProject section */

/* Begin PBXResourcesBuildPhase section */
		8442A177262FAF700077C18A /* Resources */ = {
			isa = PBXResourcesBuildPhase;
			buildActionMask = 2147483647;
			files = (
				8442A189262FAF710077C18A /* LaunchScreen.storyboard in Resources */,
				84855E0E26380786009C1D0B /* TableViewSample.storyboard in Resources */,
				8442A1A1262FCDD80077C18A /* UIObject.storyboard in Resources */,
				84855E052637DD39009C1D0B /* WebView.storyboard in Resources */,
				8442A186262FAF710077C18A /* Assets.xcassets in Resources */,
				8442A193262FB4730077C18A /* Motion.storyboard in Resources */,
				842F134926310407008A172D /* Gesture.storyboard in Resources */,
				84855E18263809CE009C1D0B /* CollectionViewSample.storyboard in Resources */,
				842F1353263112CB008A172D /* ScrollView.storyboard in Resources */,
				8442A184262FAF700077C18A /* Main.storyboard in Resources */,
			);
			runOnlyForDeploymentPostprocessing = 0;
		};
/* End PBXResourcesBuildPhase section */

/* Begin PBXSourcesBuildPhase section */
		8442A175262FAF700077C18A /* Sources */ = {
			isa = PBXSourcesBuildPhase;
			buildActionMask = 2147483647;
			files = (
				8442A181262FAF700077C18A /* ViewController.swift in Sources */,
				84576F2B2632D3BD0004FF3D /* TableViewCell.swift in Sources */,
				84855E112638079B009C1D0B /* TableViewSampleViewController.swift in Sources */,
				84855E082637DD49009C1D0B /* WebViewViewController.swift in Sources */,
				8442A17D262FAF700077C18A /* AppDelegate.swift in Sources */,
				8442A1B0262FD7880077C18A /* UIObjectViewController.swift in Sources */,
				8442A19A262FB6200077C18A /* SubViewBackgroundDesign.swift in Sources */,
				84576F202632A2F30004FF3D /* TableViewViewController.swift in Sources */,
				84647E662636AC510094F9CE /* TableView3ViewController.swift in Sources */,
				84855E2026380D8D009C1D0B /* CarCollectionViewCell.swift in Sources */,
				84855E1B26380AA8009C1D0B /* CollectionView1ViewController.swift in Sources */,
				842F1350263112B7008A172D /* ScrollViewViewController.swift in Sources */,
				8442A196262FB48C0077C18A /* MotionViewController.swift in Sources */,
				842F13572631217D008A172D /* ImgScrollViewViewController.swift in Sources */,
				8442A1A7262FD56C0077C18A /* LblViewController.swift in Sources */,
				842F135A26312197008A172D /* ImgSwipeViewController.swift in Sources */,
				84647E63263698720094F9CE /* TableView2ViewController.swift in Sources */,
				8442A17F262FAF700077C18A /* SceneDelegate.swift in Sources */,
				84855E15263809B6009C1D0B /* CollectionViewSampleViewController.swift in Sources */,
				8442A1B7262FDCB80077C18A /* BtnViewController.swift in Sources */,
				842F134C26310416008A172D /* GestureViewController.swift in Sources */,
				8442A1C1263018E40077C18A /* ImgViewViewController.swift in Sources */,
				842F135E26312D00008A172D /* PickerViewViewController.swift in Sources */,
			);
			runOnlyForDeploymentPostprocessing = 0;
		};
/* End PBXSourcesBuildPhase section */

/* Begin PBXVariantGroup section */
		8442A182262FAF700077C18A /* Main.storyboard */ = {
			isa = PBXVariantGroup;
			children = (
				8442A183262FAF700077C18A /* Base */,
			);
			name = Main.storyboard;
			sourceTree = "<group>";
		};
		8442A187262FAF710077C18A /* LaunchScreen.storyboard */ = {
			isa = PBXVariantGroup;
			children = (
				8442A188262FAF710077C18A /* Base */,
			);
			name = LaunchScreen.storyboard;
			sourceTree = "<group>";
		};
/* End PBXVariantGroup section */

/* Begin XCBuildConfiguration section */
		8442A18B262FAF710077C18A /* Debug */ = {
			isa = XCBuildConfiguration;
			buildSettings = {
				ALWAYS_SEARCH_USER_PATHS = NO;
				CLANG_ANALYZER_NONNULL = YES;
				CLANG_ANALYZER_NUMBER_OBJECT_CONVERSION = YES_AGGRESSIVE;
				CLANG_CXX_LANGUAGE_STANDARD = "gnu++14";
				CLANG_CXX_LIBRARY = "libc++";
				CLANG_ENABLE_MODULES = YES;
				CLANG_ENABLE_OBJC_ARC = YES;
				CLANG_ENABLE_OBJC_WEAK = YES;
				CLANG_WARN_BLOCK_CAPTURE_AUTORELEASING = YES;
				CLANG_WARN_BOOL_CONVERSION = YES;
				CLANG_WARN_COMMA = YES;
				CLANG_WARN_CONSTANT_CONVERSION = YES;
				CLANG_WARN_DEPRECATED_OBJC_IMPLEMENTATIONS = YES;
				CLANG_WARN_DIRECT_OBJC_ISA_USAGE = YES_ERROR;
				CLANG_WARN_DOCUMENTATION_COMMENTS = YES;
				CLANG_WARN_EMPTY_BODY = YES;
				CLANG_WARN_ENUM_CONVERSION = YES;
				CLANG_WARN_INFINITE_RECURSION = YES;
				CLANG_WARN_INT_CONVERSION = YES;
				CLANG_WARN_NON_LITERAL_NULL_CONVERSION = YES;
				CLANG_WARN_OBJC_IMPLICIT_RETAIN_SELF = YES;
				CLANG_WARN_OBJC_LITERAL_CONVERSION = YES;
				CLANG_WARN_OBJC_ROOT_CLASS = YES_ERROR;
				CLANG_WARN_QUOTED_INCLUDE_IN_FRAMEWORK_HEADER = YES;
				CLANG_WARN_RANGE_LOOP_ANALYSIS = YES;
				CLANG_WARN_STRICT_PROTOTYPES = YES;
				CLANG_WARN_SUSPICIOUS_MOVE = YES;
				CLANG_WARN_UNGUARDED_AVAILABILITY = YES_AGGRESSIVE;
				CLANG_WARN_UNREACHABLE_CODE = YES;
				CLANG_WARN__DUPLICATE_METHOD_MATCH = YES;
				COPY_PHASE_STRIP = NO;
				DEBUG_INFORMATION_FORMAT = dwarf;
				ENABLE_STRICT_OBJC_MSGSEND = YES;
				ENABLE_TESTABILITY = YES;
				GCC_C_LANGUAGE_STANDARD = gnu11;
				GCC_DYNAMIC_NO_PIC = NO;
				GCC_NO_COMMON_BLOCKS = YES;
				GCC_OPTIMIZATION_LEVEL = 0;
				GCC_PREPROCESSOR_DEFINITIONS = (
					"DEBUG=1",
					"$(inherited)",
				);
				GCC_WARN_64_TO_32_BIT_CONVERSION = YES;
				GCC_WARN_ABOUT_RETURN_TYPE = YES_ERROR;
				GCC_WARN_UNDECLARED_SELECTOR = YES;
				GCC_WARN_UNINITIALIZED_AUTOS = YES_AGGRESSIVE;
				GCC_WARN_UNUSED_FUNCTION = YES;
				GCC_WARN_UNUSED_VARIABLE = YES;
				IPHONEOS_DEPLOYMENT_TARGET = 14.4;
				MTL_ENABLE_DEBUG_INFO = INCLUDE_SOURCE;
				MTL_FAST_MATH = YES;
				ONLY_ACTIVE_ARCH = YES;
				SDKROOT = iphoneos;
				SWIFT_ACTIVE_COMPILATION_CONDITIONS = DEBUG;
				SWIFT_OPTIMIZATION_LEVEL = "-Onone";
			};
			name = Debug;
		};
		8442A18C262FAF710077C18A /* Release */ = {
			isa = XCBuildConfiguration;
			buildSettings = {
				ALWAYS_SEARCH_USER_PATHS = NO;
				CLANG_ANALYZER_NONNULL = YES;
				CLANG_ANALYZER_NUMBER_OBJECT_CONVERSION = YES_AGGRESSIVE;
				CLANG_CXX_LANGUAGE_STANDARD = "gnu++14";
				CLANG_CXX_LIBRARY = "libc++";
				CLANG_ENABLE_MODULES = YES;
				CLANG_ENABLE_OBJC_ARC = YES;
				CLANG_ENABLE_OBJC_WEAK = YES;
				CLANG_WARN_BLOCK_CAPTURE_AUTORELEASING = YES;
				CLANG_WARN_BOOL_CONVERSION = YES;
				CLANG_WARN_COMMA = YES;
				CLANG_WARN_CONSTANT_CONVERSION = YES;
				CLANG_WARN_DEPRECATED_OBJC_IMPLEMENTATIONS = YES;
				CLANG_WARN_DIRECT_OBJC_ISA_USAGE = YES_ERROR;
				CLANG_WARN_DOCUMENTATION_COMMENTS = YES;
				CLANG_WARN_EMPTY_BODY = YES;
				CLANG_WARN_ENUM_CONVERSION = YES;
				CLANG_WARN_INFINITE_RECURSION = YES;
				CLANG_WARN_INT_CONVERSION = YES;
				CLANG_WARN_NON_LITERAL_NULL_CONVERSION = YES;
				CLANG_WARN_OBJC_IMPLICIT_RETAIN_SELF = YES;
				CLANG_WARN_OBJC_LITERAL_CONVERSION = YES;
				CLANG_WARN_OBJC_ROOT_CLASS = YES_ERROR;
				CLANG_WARN_QUOTED_INCLUDE_IN_FRAMEWORK_HEADER = YES;
				CLANG_WARN_RANGE_LOOP_ANALYSIS = YES;
				CLANG_WARN_STRICT_PROTOTYPES = YES;
				CLANG_WARN_SUSPICIOUS_MOVE = YES;
				CLANG_WARN_UNGUARDED_AVAILABILITY = YES_AGGRESSIVE;
				CLANG_WARN_UNREACHABLE_CODE = YES;
				CLANG_WARN__DUPLICATE_METHOD_MATCH = YES;
				COPY_PHASE_STRIP = NO;
				DEBUG_INFORMATION_FORMAT = "dwarf-with-dsym";
				ENABLE_NS_ASSERTIONS = NO;
				ENABLE_STRICT_OBJC_MSGSEND = YES;
				GCC_C_LANGUAGE_STANDARD = gnu11;
				GCC_NO_COMMON_BLOCKS = YES;
				GCC_WARN_64_TO_32_BIT_CONVERSION = YES;
				GCC_WARN_ABOUT_RETURN_TYPE = YES_ERROR;
				GCC_WARN_UNDECLARED_SELECTOR = YES;
				GCC_WARN_UNINITIALIZED_AUTOS = YES_AGGRESSIVE;
				GCC_WARN_UNUSED_FUNCTION = YES;
				GCC_WARN_UNUSED_VARIABLE = YES;
				IPHONEOS_DEPLOYMENT_TARGET = 14.4;
				MTL_ENABLE_DEBUG_INFO = NO;
				MTL_FAST_MATH = YES;
				SDKROOT = iphoneos;
				SWIFT_COMPILATION_MODE = wholemodule;
				SWIFT_OPTIMIZATION_LEVEL = "-O";
				VALIDATE_PRODUCT = YES;
			};
			name = Release;
		};
		8442A18E262FAF710077C18A /* Debug */ = {
			isa = XCBuildConfiguration;
			buildSettings = {
				ASSETCATALOG_COMPILER_APPICON_NAME = AppIcon;
				ASSETCATALOG_COMPILER_GLOBAL_ACCENT_COLOR_NAME = AccentColor;
				CODE_SIGN_STYLE = Automatic;
				DEVELOPMENT_TEAM = FWT45ZL3HF;
				INFOPLIST_FILE = iOSSample/Info.plist;
				IPHONEOS_DEPLOYMENT_TARGET = 13.0;
				LD_RUNPATH_SEARCH_PATHS = (
					"$(inherited)",
					"@executable_path/Frameworks",
				);
				PRODUCT_BUNDLE_IDENTIFIER = com.injunhong.iOSSample;
				PRODUCT_NAME = "$(TARGET_NAME)";
				SWIFT_VERSION = 5.0;
				TARGETED_DEVICE_FAMILY = "1,2";
			};
			name = Debug;
		};
		8442A18F262FAF710077C18A /* Release */ = {
			isa = XCBuildConfiguration;
			buildSettings = {
				ASSETCATALOG_COMPILER_APPICON_NAME = AppIcon;
				ASSETCATALOG_COMPILER_GLOBAL_ACCENT_COLOR_NAME = AccentColor;
				CODE_SIGN_STYLE = Automatic;
				DEVELOPMENT_TEAM = FWT45ZL3HF;
				INFOPLIST_FILE = iOSSample/Info.plist;
				IPHONEOS_DEPLOYMENT_TARGET = 13.0;
				LD_RUNPATH_SEARCH_PATHS = (
					"$(inherited)",
					"@executable_path/Frameworks",
				);
				PRODUCT_BUNDLE_IDENTIFIER = com.injunhong.iOSSample;
				PRODUCT_NAME = "$(TARGET_NAME)";
				SWIFT_VERSION = 5.0;
				TARGETED_DEVICE_FAMILY = "1,2";
			};
			name = Release;
		};
/* End XCBuildConfiguration section */

/* Begin XCConfigurationList section */
		8442A174262FAF700077C18A /* Build configuration list for PBXProject "iOSSample" */ = {
			isa = XCConfigurationList;
			buildConfigurations = (
				8442A18B262FAF710077C18A /* Debug */,
				8442A18C262FAF710077C18A /* Release */,
			);
			defaultConfigurationIsVisible = 0;
			defaultConfigurationName = Release;
		};
		8442A18D262FAF710077C18A /* Build configuration list for PBXNativeTarget "iOSSample" */ = {
			isa = XCConfigurationList;
			buildConfigurations = (
				8442A18E262FAF710077C18A /* Debug */,
				8442A18F262FAF710077C18A /* Release */,
			);
			defaultConfigurationIsVisible = 0;
			defaultConfigurationName = Release;
		};
/* End XCConfigurationList section */
	};
	rootObject = 8442A171262FAF700077C18A /* Project object */;
}
