// !$*UTF8*$!
{
	archiveVersion = 1;
	classes = {
	};
	objectVersion = 51;
	objects = {

/* Begin PBXBuildFile section */
		8403B53D264100170085E736 /* LogViewController.swift in Sources */ = {isa = PBXBuildFile; fileRef = 8403B53C264100170085E736 /* LogViewController.swift */; };
		840C9C39264BF49A00A8138C /* NaverPapagoApi.storyboard in Resources */ = {isa = PBXBuildFile; fileRef = 840C9C37264BF49A00A8138C /* NaverPapagoApi.storyboard */; };
		840C9C3A264BF49A00A8138C /* NaverPapagoApiViewController.swift in Sources */ = {isa = PBXBuildFile; fileRef = 840C9C38264BF49A00A8138C /* NaverPapagoApiViewController.swift */; };
		840C9C3C264BF51000A8138C /* Component.swift in Sources */ = {isa = PBXBuildFile; fileRef = 840C9C3B264BF51000A8138C /* Component.swift */; };
		8411FEC3263F836600527296 /* PhoneBookViewController.swift in Sources */ = {isa = PBXBuildFile; fileRef = 8411FEC2263F836600527296 /* PhoneBookViewController.swift */; };
		8411FED2263F884000527296 /* FMDatabaseAdditions.m in Sources */ = {isa = PBXBuildFile; fileRef = 8411FEC8263F883F00527296 /* FMDatabaseAdditions.m */; };
		8411FED3263F884000527296 /* FMDatabase.m in Sources */ = {isa = PBXBuildFile; fileRef = 8411FECA263F883F00527296 /* FMDatabase.m */; };
		8411FED4263F884000527296 /* FMDatabasePool.m in Sources */ = {isa = PBXBuildFile; fileRef = 8411FECC263F883F00527296 /* FMDatabasePool.m */; };
		8411FED5263F884000527296 /* FMDatabaseQueue.m in Sources */ = {isa = PBXBuildFile; fileRef = 8411FECD263F883F00527296 /* FMDatabaseQueue.m */; };
		8411FED6263F884000527296 /* FMResultSet.m in Sources */ = {isa = PBXBuildFile; fileRef = 8411FED0263F883F00527296 /* FMResultSet.m */; };
		8411FEDB263F9D3100527296 /* PhoneBookDAO.swift in Sources */ = {isa = PBXBuildFile; fileRef = 8411FEDA263F9D3100527296 /* PhoneBookDAO.swift */; };
		8411FF04263FDBC300527296 /* ToDoViewController.swift in Sources */ = {isa = PBXBuildFile; fileRef = 8411FF03263FDBC300527296 /* ToDoViewController.swift */; };
		8411FF06263FE85600527296 /* ToDoInputViewController.swift in Sources */ = {isa = PBXBuildFile; fileRef = 8411FF05263FE85600527296 /* ToDoInputViewController.swift */; };
		8411FF0A263FF7A100527296 /* iOSSample.xcdatamodeld in Sources */ = {isa = PBXBuildFile; fileRef = 8411FF08263FF7A100527296 /* iOSSample.xcdatamodeld */; };
		8422FCCF263B945400F688FD /* MovieListViewController.swift in Sources */ = {isa = PBXBuildFile; fileRef = 8422FCCE263B945400F688FD /* MovieListViewController.swift */; };
		8422FCD1263B9B1B00F688FD /* MovieListTableViewCell.swift in Sources */ = {isa = PBXBuildFile; fileRef = 8422FCD0263B9B1B00F688FD /* MovieListTableViewCell.swift */; };
		8422FCD3263BA45300F688FD /* MovieVO.swift in Sources */ = {isa = PBXBuildFile; fileRef = 8422FCD2263BA45300F688FD /* MovieVO.swift */; };
		8422FCD5263BD00F00F688FD /* MovieListLinkViewController.swift in Sources */ = {isa = PBXBuildFile; fileRef = 8422FCD4263BD00F00F688FD /* MovieListLinkViewController.swift */; };
		8422FCD8263BE85500F688FD /* LocalDataSave.storyboard in Resources */ = {isa = PBXBuildFile; fileRef = 8422FCD7263BE85500F688FD /* LocalDataSave.storyboard */; };
		8422FCDA263BE86700F688FD /* LocalDataSaveViewController.swift in Sources */ = {isa = PBXBuildFile; fileRef = 8422FCD9263BE86700F688FD /* LocalDataSaveViewController.swift */; };
		8422FCDC263BEABE00F688FD /* AppDelegateViewController.swift in Sources */ = {isa = PBXBuildFile; fileRef = 8422FCDB263BEABE00F688FD /* AppDelegateViewController.swift */; };
		8422FCDE263BEAE800F688FD /* AppDelegateInputViewController.swift in Sources */ = {isa = PBXBuildFile; fileRef = 8422FCDD263BEAE800F688FD /* AppDelegateInputViewController.swift */; };
		8422FCE0263C001F00F688FD /* DocumentFileSaveViewController.swift in Sources */ = {isa = PBXBuildFile; fileRef = 8422FCDF263C001F00F688FD /* DocumentFileSaveViewController.swift */; };
		84297D0F264A33B60085ABB0 /* MultiMediaViewController.swift in Sources */ = {isa = PBXBuildFile; fileRef = 84297D0E264A33B60085ABB0 /* MultiMediaViewController.swift */; };
		84297D11264A33D40085ABB0 /* MultiMedia.storyboard in Resources */ = {isa = PBXBuildFile; fileRef = 84297D10264A33D40085ABB0 /* MultiMedia.storyboard */; };
		84297D13264A387A0085ABB0 /* AudioPlayerViewController.swift in Sources */ = {isa = PBXBuildFile; fileRef = 84297D12264A387A0085ABB0 /* AudioPlayerViewController.swift */; };
		842F134926310407008A172D /* Gesture.storyboard in Resources */ = {isa = PBXBuildFile; fileRef = 842F134826310407008A172D /* Gesture.storyboard */; };
		842F134C26310416008A172D /* GestureViewController.swift in Sources */ = {isa = PBXBuildFile; fileRef = 842F134B26310416008A172D /* GestureViewController.swift */; };
		842F1350263112B7008A172D /* ScrollViewViewController.swift in Sources */ = {isa = PBXBuildFile; fileRef = 842F134F263112B7008A172D /* ScrollViewViewController.swift */; };
		842F1353263112CB008A172D /* ScrollView.storyboard in Resources */ = {isa = PBXBuildFile; fileRef = 842F1352263112CB008A172D /* ScrollView.storyboard */; };
		842F13572631217D008A172D /* ImgScrollViewViewController.swift in Sources */ = {isa = PBXBuildFile; fileRef = 842F13562631217D008A172D /* ImgScrollViewViewController.swift */; };
		842F135A26312197008A172D /* ImgSwipeViewController.swift in Sources */ = {isa = PBXBuildFile; fileRef = 842F135926312197008A172D /* ImgSwipeViewController.swift */; };
		842F135E26312D00008A172D /* PickerViewViewController.swift in Sources */ = {isa = PBXBuildFile; fileRef = 842F135D26312D00008A172D /* PickerViewViewController.swift */; };
		8442A17D262FAF700077C18A /* AppDelegate.swift in Sources */ = {isa = PBXBuildFile; fileRef = 8442A17C262FAF700077C18A /* AppDelegate.swift */; };
		8442A17F262FAF700077C18A /* SceneDelegate.swift in Sources */ = {isa = PBXBuildFile; fileRef = 8442A17E262FAF700077C18A /* SceneDelegate.swift */; };
		8442A181262FAF700077C18A /* ViewController.swift in Sources */ = {isa = PBXBuildFile; fileRef = 8442A180262FAF700077C18A /* ViewController.swift */; };
		8442A184262FAF700077C18A /* Main.storyboard in Resources */ = {isa = PBXBuildFile; fileRef = 8442A182262FAF700077C18A /* Main.storyboard */; };
		8442A186262FAF710077C18A /* Assets.xcassets in Resources */ = {isa = PBXBuildFile; fileRef = 8442A185262FAF710077C18A /* Assets.xcassets */; };
		8442A189262FAF710077C18A /* LaunchScreen.storyboard in Resources */ = {isa = PBXBuildFile; fileRef = 8442A187262FAF710077C18A /* LaunchScreen.storyboard */; };
		8442A193262FB4730077C18A /* Motion.storyboard in Resources */ = {isa = PBXBuildFile; fileRef = 8442A192262FB4730077C18A /* Motion.storyboard */; };
		8442A196262FB48C0077C18A /* MotionViewController.swift in Sources */ = {isa = PBXBuildFile; fileRef = 8442A195262FB48C0077C18A /* MotionViewController.swift */; };
		8442A19A262FB6200077C18A /* SubViewBackgroundDesign.swift in Sources */ = {isa = PBXBuildFile; fileRef = 8442A199262FB6200077C18A /* SubViewBackgroundDesign.swift */; };
		8442A1A1262FCDD80077C18A /* UIObject.storyboard in Resources */ = {isa = PBXBuildFile; fileRef = 8442A1A0262FCDD80077C18A /* UIObject.storyboard */; };
		8442A1A7262FD56C0077C18A /* LblViewController.swift in Sources */ = {isa = PBXBuildFile; fileRef = 8442A1A6262FD56C0077C18A /* LblViewController.swift */; };
		8442A1B0262FD7880077C18A /* UIObjectViewController.swift in Sources */ = {isa = PBXBuildFile; fileRef = 8442A1AF262FD7880077C18A /* UIObjectViewController.swift */; };
		8442A1B7262FDCB80077C18A /* BtnViewController.swift in Sources */ = {isa = PBXBuildFile; fileRef = 8442A1B6262FDCB80077C18A /* BtnViewController.swift */; };
		8442A1C1263018E40077C18A /* ImgViewViewController.swift in Sources */ = {isa = PBXBuildFile; fileRef = 8442A1C0263018E30077C18A /* ImgViewViewController.swift */; };
		84576F202632A2F30004FF3D /* TableViewViewController.swift in Sources */ = {isa = PBXBuildFile; fileRef = 84576F1F2632A2F30004FF3D /* TableViewViewController.swift */; };
		84576F2B2632D3BD0004FF3D /* TableViewCell.swift in Sources */ = {isa = PBXBuildFile; fileRef = 84576F2A2632D3BD0004FF3D /* TableViewCell.swift */; };
		845B03E52647F1D900062A3A /* AES256.storyboard in Resources */ = {isa = PBXBuildFile; fileRef = 845B03E42647F1D900062A3A /* AES256.storyboard */; };
		845B03E72647F1E700062A3A /* AES256ViewController.swift in Sources */ = {isa = PBXBuildFile; fileRef = 845B03E62647F1E700062A3A /* AES256ViewController.swift */; };
		845B03E92647F4AF00062A3A /* AES.swift in Sources */ = {isa = PBXBuildFile; fileRef = 845B03E82647F4AF00062A3A /* AES.swift */; };
		84647E63263698720094F9CE /* TableView2ViewController.swift in Sources */ = {isa = PBXBuildFile; fileRef = 84647E62263698720094F9CE /* TableView2ViewController.swift */; };
		84647E662636AC510094F9CE /* TableView3ViewController.swift in Sources */ = {isa = PBXBuildFile; fileRef = 84647E652636AC510094F9CE /* TableView3ViewController.swift */; };
		847BA99A2648F8D100D84CE6 /* MapUseViewController.swift in Sources */ = {isa = PBXBuildFile; fileRef = 847BA9992648F8D100D84CE6 /* MapUseViewController.swift */; };
		847BA99C2648F8DE00D84CE6 /* MapUse.storyboard in Resources */ = {isa = PBXBuildFile; fileRef = 847BA99B2648F8DE00D84CE6 /* MapUse.storyboard */; };
		847BA99E26491EC700D84CE6 /* MapResultListViewController.swift in Sources */ = {isa = PBXBuildFile; fileRef = 847BA99D26491EC700D84CE6 /* MapResultListViewController.swift */; };
		84855E052637DD39009C1D0B /* WebView.storyboard in Resources */ = {isa = PBXBuildFile; fileRef = 84855E042637DD39009C1D0B /* WebView.storyboard */; };
		84855E082637DD49009C1D0B /* WebViewViewController.swift in Sources */ = {isa = PBXBuildFile; fileRef = 84855E072637DD49009C1D0B /* WebViewViewController.swift */; };
		84855E0E26380786009C1D0B /* TableViewSample.storyboard in Resources */ = {isa = PBXBuildFile; fileRef = 84855E0D26380786009C1D0B /* TableViewSample.storyboard */; };
		84855E112638079B009C1D0B /* TableViewSampleViewController.swift in Sources */ = {isa = PBXBuildFile; fileRef = 84855E102638079B009C1D0B /* TableViewSampleViewController.swift */; };
		84855E15263809B6009C1D0B /* CollectionViewSampleViewController.swift in Sources */ = {isa = PBXBuildFile; fileRef = 84855E14263809B6009C1D0B /* CollectionViewSampleViewController.swift */; };
		84855E18263809CE009C1D0B /* CollectionViewSample.storyboard in Resources */ = {isa = PBXBuildFile; fileRef = 84855E17263809CE009C1D0B /* CollectionViewSample.storyboard */; };
		84855E1B26380AA8009C1D0B /* CollectionView1ViewController.swift in Sources */ = {isa = PBXBuildFile; fileRef = 84855E1A26380AA8009C1D0B /* CollectionView1ViewController.swift */; };
		84855E2026380D8D009C1D0B /* CarCollectionViewCell.swift in Sources */ = {isa = PBXBuildFile; fileRef = 84855E1F26380D8D009C1D0B /* CarCollectionViewCell.swift */; };
		84894536263A3B2A00F50111 /* JsonParsingViewController.swift in Sources */ = {isa = PBXBuildFile; fileRef = 84894535263A3B2A00F50111 /* JsonParsingViewController.swift */; };
		84894538263A54AD00F50111 /* ThreadViewController.swift in Sources */ = {isa = PBXBuildFile; fileRef = 84894537263A54AD00F50111 /* ThreadViewController.swift */; };
		8489453A263A56C400F50111 /* ThreadDownloader.swift in Sources */ = {isa = PBXBuildFile; fileRef = 84894539263A56C400F50111 /* ThreadDownloader.swift */; };
		8489453C263A682900F50111 /* AlamofireViewController.swift in Sources */ = {isa = PBXBuildFile; fileRef = 8489453B263A682900F50111 /* AlamofireViewController.swift */; };
		8489453E263A725600F50111 /* Extension.swift in Sources */ = {isa = PBXBuildFile; fileRef = 8489453D263A725600F50111 /* Extension.swift */; };
		84894541263A8E8A00F50111 /* RestApi.storyboard in Resources */ = {isa = PBXBuildFile; fileRef = 84894540263A8E8A00F50111 /* RestApi.storyboard */; };
		84894543263A8E9C00F50111 /* RestApiViewController.swift in Sources */ = {isa = PBXBuildFile; fileRef = 84894542263A8E9C00F50111 /* RestApiViewController.swift */; };
		84894545263A8F0800F50111 /* KakaoSearchApiViewController.swift in Sources */ = {isa = PBXBuildFile; fileRef = 84894544263A8F0800F50111 /* KakaoSearchApiViewController.swift */; };
		84A20A2F2648BE78005DDCC3 /* LocationUseViewController.swift in Sources */ = {isa = PBXBuildFile; fileRef = 84A20A2E2648BE78005DDCC3 /* LocationUseViewController.swift */; };
		84A20A312648BE83005DDCC3 /* LocationUse.storyboard in Resources */ = {isa = PBXBuildFile; fileRef = 84A20A302648BE83005DDCC3 /* LocationUse.storyboard */; };
		84AFF164263AA03F0068FE4E /* PostSampleViewController.swift in Sources */ = {isa = PBXBuildFile; fileRef = 84AFF163263AA03F0068FE4E /* PostSampleViewController.swift */; };
		84AFF166263AAA920068FE4E /* PostSampleResultViewController.swift in Sources */ = {isa = PBXBuildFile; fileRef = 84AFF165263AAA920068FE4E /* PostSampleResultViewController.swift */; };
		84AFF16A263AB44E0068FE4E /* PostSampleResultCell.swift in Sources */ = {isa = PBXBuildFile; fileRef = 84AFF169263AB44E0068FE4E /* PostSampleResultCell.swift */; };
		84BB7D3C26492D5A00FED24E /* MapResultRouteViewController.swift in Sources */ = {isa = PBXBuildFile; fileRef = 84BB7D3B26492D5A00FED24E /* MapResultRouteViewController.swift */; };
		84BB7D3E2649397F00FED24E /* LocationConfig.swift in Sources */ = {isa = PBXBuildFile; fileRef = 84BB7D3D2649397F00FED24E /* LocationConfig.swift */; };
		84D4C4F42639309F00457906 /* Network.storyboard in Resources */ = {isa = PBXBuildFile; fileRef = 84D4C4F32639309F00457906 /* Network.storyboard */; };
		84D4C4F6263930E300457906 /* NetworkViewController.swift in Sources */ = {isa = PBXBuildFile; fileRef = 84D4C4F5263930E300457906 /* NetworkViewController.swift */; };
		84D4C4F82639323F00457906 /* WebImgDataViewController.swift in Sources */ = {isa = PBXBuildFile; fileRef = 84D4C4F72639323F00457906 /* WebImgDataViewController.swift */; };
		84D4C4FA26394B3200457906 /* XmlParsingViewController.swift in Sources */ = {isa = PBXBuildFile; fileRef = 84D4C4F926394B3200457906 /* XmlParsingViewController.swift */; };
		84D4C4FC2639502E00457906 /* BookList.swift in Sources */ = {isa = PBXBuildFile; fileRef = 84D4C4FB2639502E00457906 /* BookList.swift */; };
		84E59DF0263910B8000B87DD /* TCPClient.swift in Sources */ = {isa = PBXBuildFile; fileRef = 84E59DE9263910B8000B87DD /* TCPClient.swift */; };
		84E59DF1263910B8000B87DD /* Socket.swift in Sources */ = {isa = PBXBuildFile; fileRef = 84E59DEA263910B8000B87DD /* Socket.swift */; };
		84E59DF2263910B8000B87DD /* UDPClient.swift in Sources */ = {isa = PBXBuildFile; fileRef = 84E59DEB263910B8000B87DD /* UDPClient.swift */; };
		84E59DF3263910B8000B87DD /* ytcpsocket.c in Sources */ = {isa = PBXBuildFile; fileRef = 84E59DEC263910B8000B87DD /* ytcpsocket.c */; };
		84E59DF4263910B8000B87DD /* yudpsocket.c in Sources */ = {isa = PBXBuildFile; fileRef = 84E59DED263910B8000B87DD /* yudpsocket.c */; };
		84E59DF5263910B8000B87DD /* Result.swift in Sources */ = {isa = PBXBuildFile; fileRef = 84E59DEF263910B8000B87DD /* Result.swift */; };
		84EF3551264A476300105A96 /* inception.mp3 in Resources */ = {isa = PBXBuildFile; fileRef = 84EF3550264A476300105A96 /* inception.mp3 */; };
		84EF3553264A54CD00105A96 /* AudioRecordViewController.swift in Sources */ = {isa = PBXBuildFile; fileRef = 84EF3552264A54CD00105A96 /* AudioRecordViewController.swift */; };
		84EF3557264A748900105A96 /* ipadVideo.mp4 in Resources */ = {isa = PBXBuildFile; fileRef = 84EF3556264A72A300105A96 /* ipadVideo.mp4 */; };
		84F3520F2638F52300BA490C /* CollectionheaderView.swift in Sources */ = {isa = PBXBuildFile; fileRef = 84F3520E2638F52300BA490C /* CollectionheaderView.swift */; };
		84F352122639063100BA490C /* SocketUse.storyboard in Resources */ = {isa = PBXBuildFile; fileRef = 84F352112639063100BA490C /* SocketUse.storyboard */; };
		84F352142639064600BA490C /* SocketUseViewController.swift in Sources */ = {isa = PBXBuildFile; fileRef = 84F352132639064600BA490C /* SocketUseViewController.swift */; };
		84F35216263906E100BA490C /* Reachability.swift in Sources */ = {isa = PBXBuildFile; fileRef = 84F35215263906E100BA490C /* Reachability.swift */; };
		EAF2B44A4571FDB08AC6DF44 /* Pods_iOSSample.framework in Frameworks */ = {isa = PBXBuildFile; fileRef = 63E697018CECE9168504E659 /* Pods_iOSSample.framework */; };
/* End PBXBuildFile section */

/* Begin PBXFileReference section */
		63E697018CECE9168504E659 /* Pods_iOSSample.framework */ = {isa = PBXFileReference; explicitFileType = wrapper.framework; includeInIndex = 0; path = Pods_iOSSample.framework; sourceTree = BUILT_PRODUCTS_DIR; };
		8403B53C264100170085E736 /* LogViewController.swift */ = {isa = PBXFileReference; lastKnownFileType = sourcecode.swift; path = LogViewController.swift; sourceTree = "<group>"; };
		840C9C37264BF49A00A8138C /* NaverPapagoApi.storyboard */ = {isa = PBXFileReference; fileEncoding = 4; lastKnownFileType = file.storyboard; path = NaverPapagoApi.storyboard; sourceTree = "<group>"; };
		840C9C38264BF49A00A8138C /* NaverPapagoApiViewController.swift */ = {isa = PBXFileReference; fileEncoding = 4; lastKnownFileType = sourcecode.swift; path = NaverPapagoApiViewController.swift; sourceTree = "<group>"; };
		840C9C3B264BF51000A8138C /* Component.swift */ = {isa = PBXFileReference; fileEncoding = 4; lastKnownFileType = sourcecode.swift; path = Component.swift; sourceTree = "<group>"; };
		8411FEC2263F836600527296 /* PhoneBookViewController.swift */ = {isa = PBXFileReference; lastKnownFileType = sourcecode.swift; path = PhoneBookViewController.swift; sourceTree = "<group>"; };
		8411FEC4263F837000527296 /* libsqlite3.0.tbd */ = {isa = PBXFileReference; lastKnownFileType = "sourcecode.text-based-dylib-definition"; name = libsqlite3.0.tbd; path = usr/lib/libsqlite3.0.tbd; sourceTree = SDKROOT; };
		8411FEC7263F883F00527296 /* FMResultSet.h */ = {isa = PBXFileReference; fileEncoding = 4; lastKnownFileType = sourcecode.c.h; path = FMResultSet.h; sourceTree = "<group>"; };
		8411FEC8263F883F00527296 /* FMDatabaseAdditions.m */ = {isa = PBXFileReference; fileEncoding = 4; lastKnownFileType = sourcecode.c.objc; path = FMDatabaseAdditions.m; sourceTree = "<group>"; };
		8411FEC9263F883F00527296 /* FMDatabaseQueue.h */ = {isa = PBXFileReference; fileEncoding = 4; lastKnownFileType = sourcecode.c.h; path = FMDatabaseQueue.h; sourceTree = "<group>"; };
		8411FECA263F883F00527296 /* FMDatabase.m */ = {isa = PBXFileReference; fileEncoding = 4; lastKnownFileType = sourcecode.c.objc; path = FMDatabase.m; sourceTree = "<group>"; };
		8411FECB263F883F00527296 /* FMDatabaseAdditions.h */ = {isa = PBXFileReference; fileEncoding = 4; lastKnownFileType = sourcecode.c.h; path = FMDatabaseAdditions.h; sourceTree = "<group>"; };
		8411FECC263F883F00527296 /* FMDatabasePool.m */ = {isa = PBXFileReference; fileEncoding = 4; lastKnownFileType = sourcecode.c.objc; path = FMDatabasePool.m; sourceTree = "<group>"; };
		8411FECD263F883F00527296 /* FMDatabaseQueue.m */ = {isa = PBXFileReference; fileEncoding = 4; lastKnownFileType = sourcecode.c.objc; path = FMDatabaseQueue.m; sourceTree = "<group>"; };
		8411FECE263F883F00527296 /* FMDB.h */ = {isa = PBXFileReference; fileEncoding = 4; lastKnownFileType = sourcecode.c.h; path = FMDB.h; sourceTree = "<group>"; };
		8411FECF263F883F00527296 /* FMDatabasePool.h */ = {isa = PBXFileReference; fileEncoding = 4; lastKnownFileType = sourcecode.c.h; path = FMDatabasePool.h; sourceTree = "<group>"; };
		8411FED0263F883F00527296 /* FMResultSet.m */ = {isa = PBXFileReference; fileEncoding = 4; lastKnownFileType = sourcecode.c.objc; path = FMResultSet.m; sourceTree = "<group>"; };
		8411FED1263F884000527296 /* FMDatabase.h */ = {isa = PBXFileReference; fileEncoding = 4; lastKnownFileType = sourcecode.c.h; path = FMDatabase.h; sourceTree = "<group>"; };
		8411FEDA263F9D3100527296 /* PhoneBookDAO.swift */ = {isa = PBXFileReference; lastKnownFileType = sourcecode.swift; path = PhoneBookDAO.swift; sourceTree = "<group>"; };
		8411FF03263FDBC300527296 /* ToDoViewController.swift */ = {isa = PBXFileReference; lastKnownFileType = sourcecode.swift; path = ToDoViewController.swift; sourceTree = "<group>"; };
		8411FF05263FE85600527296 /* ToDoInputViewController.swift */ = {isa = PBXFileReference; lastKnownFileType = sourcecode.swift; path = ToDoInputViewController.swift; sourceTree = "<group>"; };
		8411FF09263FF7A100527296 /* iOSSample.xcdatamodel */ = {isa = PBXFileReference; lastKnownFileType = wrapper.xcdatamodel; path = iOSSample.xcdatamodel; sourceTree = "<group>"; };
		8422FCCE263B945400F688FD /* MovieListViewController.swift */ = {isa = PBXFileReference; lastKnownFileType = sourcecode.swift; path = MovieListViewController.swift; sourceTree = "<group>"; };
		8422FCD0263B9B1B00F688FD /* MovieListTableViewCell.swift */ = {isa = PBXFileReference; lastKnownFileType = sourcecode.swift; path = MovieListTableViewCell.swift; sourceTree = "<group>"; };
		8422FCD2263BA45300F688FD /* MovieVO.swift */ = {isa = PBXFileReference; lastKnownFileType = sourcecode.swift; path = MovieVO.swift; sourceTree = "<group>"; };
		8422FCD4263BD00F00F688FD /* MovieListLinkViewController.swift */ = {isa = PBXFileReference; lastKnownFileType = sourcecode.swift; path = MovieListLinkViewController.swift; sourceTree = "<group>"; };
		8422FCD7263BE85500F688FD /* LocalDataSave.storyboard */ = {isa = PBXFileReference; lastKnownFileType = file.storyboard; path = LocalDataSave.storyboard; sourceTree = "<group>"; };
		8422FCD9263BE86700F688FD /* LocalDataSaveViewController.swift */ = {isa = PBXFileReference; lastKnownFileType = sourcecode.swift; path = LocalDataSaveViewController.swift; sourceTree = "<group>"; };
		8422FCDB263BEABE00F688FD /* AppDelegateViewController.swift */ = {isa = PBXFileReference; lastKnownFileType = sourcecode.swift; path = AppDelegateViewController.swift; sourceTree = "<group>"; };
		8422FCDD263BEAE800F688FD /* AppDelegateInputViewController.swift */ = {isa = PBXFileReference; lastKnownFileType = sourcecode.swift; path = AppDelegateInputViewController.swift; sourceTree = "<group>"; };
		8422FCDF263C001F00F688FD /* DocumentFileSaveViewController.swift */ = {isa = PBXFileReference; lastKnownFileType = sourcecode.swift; path = DocumentFileSaveViewController.swift; sourceTree = "<group>"; };
		84297D0E264A33B60085ABB0 /* MultiMediaViewController.swift */ = {isa = PBXFileReference; lastKnownFileType = sourcecode.swift; path = MultiMediaViewController.swift; sourceTree = "<group>"; };
		84297D10264A33D40085ABB0 /* MultiMedia.storyboard */ = {isa = PBXFileReference; lastKnownFileType = file.storyboard; path = MultiMedia.storyboard; sourceTree = "<group>"; };
		84297D12264A387A0085ABB0 /* AudioPlayerViewController.swift */ = {isa = PBXFileReference; lastKnownFileType = sourcecode.swift; path = AudioPlayerViewController.swift; sourceTree = "<group>"; };
		842F134826310407008A172D /* Gesture.storyboard */ = {isa = PBXFileReference; lastKnownFileType = file.storyboard; path = Gesture.storyboard; sourceTree = "<group>"; };
		842F134B26310416008A172D /* GestureViewController.swift */ = {isa = PBXFileReference; lastKnownFileType = sourcecode.swift; path = GestureViewController.swift; sourceTree = "<group>"; };
		842F134F263112B7008A172D /* ScrollViewViewController.swift */ = {isa = PBXFileReference; lastKnownFileType = sourcecode.swift; path = ScrollViewViewController.swift; sourceTree = "<group>"; };
		842F1352263112CB008A172D /* ScrollView.storyboard */ = {isa = PBXFileReference; lastKnownFileType = file.storyboard; path = ScrollView.storyboard; sourceTree = "<group>"; };
		842F13562631217D008A172D /* ImgScrollViewViewController.swift */ = {isa = PBXFileReference; lastKnownFileType = sourcecode.swift; path = ImgScrollViewViewController.swift; sourceTree = "<group>"; };
		842F135926312197008A172D /* ImgSwipeViewController.swift */ = {isa = PBXFileReference; lastKnownFileType = sourcecode.swift; path = ImgSwipeViewController.swift; sourceTree = "<group>"; };
		842F135D26312D00008A172D /* PickerViewViewController.swift */ = {isa = PBXFileReference; lastKnownFileType = sourcecode.swift; path = PickerViewViewController.swift; sourceTree = "<group>"; };
		8442A179262FAF700077C18A /* iOSSample.app */ = {isa = PBXFileReference; explicitFileType = wrapper.application; includeInIndex = 0; path = iOSSample.app; sourceTree = BUILT_PRODUCTS_DIR; };
		8442A17C262FAF700077C18A /* AppDelegate.swift */ = {isa = PBXFileReference; lastKnownFileType = sourcecode.swift; path = AppDelegate.swift; sourceTree = "<group>"; };
		8442A17E262FAF700077C18A /* SceneDelegate.swift */ = {isa = PBXFileReference; lastKnownFileType = sourcecode.swift; path = SceneDelegate.swift; sourceTree = "<group>"; };
		8442A180262FAF700077C18A /* ViewController.swift */ = {isa = PBXFileReference; lastKnownFileType = sourcecode.swift; path = ViewController.swift; sourceTree = "<group>"; };
		8442A183262FAF700077C18A /* Base */ = {isa = PBXFileReference; lastKnownFileType = file.storyboard; name = Base; path = Base.lproj/Main.storyboard; sourceTree = "<group>"; };
		8442A185262FAF710077C18A /* Assets.xcassets */ = {isa = PBXFileReference; lastKnownFileType = folder.assetcatalog; path = Assets.xcassets; sourceTree = "<group>"; };
		8442A188262FAF710077C18A /* Base */ = {isa = PBXFileReference; lastKnownFileType = file.storyboard; name = Base; path = Base.lproj/LaunchScreen.storyboard; sourceTree = "<group>"; };
		8442A18A262FAF710077C18A /* Info.plist */ = {isa = PBXFileReference; lastKnownFileType = text.plist.xml; path = Info.plist; sourceTree = "<group>"; };
		8442A192262FB4730077C18A /* Motion.storyboard */ = {isa = PBXFileReference; lastKnownFileType = file.storyboard; path = Motion.storyboard; sourceTree = "<group>"; };
		8442A195262FB48C0077C18A /* MotionViewController.swift */ = {isa = PBXFileReference; lastKnownFileType = sourcecode.swift; path = MotionViewController.swift; sourceTree = "<group>"; };
		8442A199262FB6200077C18A /* SubViewBackgroundDesign.swift */ = {isa = PBXFileReference; fileEncoding = 4; lastKnownFileType = sourcecode.swift; path = SubViewBackgroundDesign.swift; sourceTree = "<group>"; };
		8442A1A0262FCDD80077C18A /* UIObject.storyboard */ = {isa = PBXFileReference; lastKnownFileType = file.storyboard; path = UIObject.storyboard; sourceTree = "<group>"; };
		8442A1A6262FD56C0077C18A /* LblViewController.swift */ = {isa = PBXFileReference; lastKnownFileType = sourcecode.swift; path = LblViewController.swift; sourceTree = "<group>"; };
		8442A1AF262FD7880077C18A /* UIObjectViewController.swift */ = {isa = PBXFileReference; lastKnownFileType = sourcecode.swift; path = UIObjectViewController.swift; sourceTree = "<group>"; };
		8442A1B6262FDCB80077C18A /* BtnViewController.swift */ = {isa = PBXFileReference; lastKnownFileType = sourcecode.swift; path = BtnViewController.swift; sourceTree = "<group>"; };
		8442A1C0263018E30077C18A /* ImgViewViewController.swift */ = {isa = PBXFileReference; lastKnownFileType = sourcecode.swift; path = ImgViewViewController.swift; sourceTree = "<group>"; };
		84576F1F2632A2F30004FF3D /* TableViewViewController.swift */ = {isa = PBXFileReference; lastKnownFileType = sourcecode.swift; path = TableViewViewController.swift; sourceTree = "<group>"; };
		84576F2A2632D3BD0004FF3D /* TableViewCell.swift */ = {isa = PBXFileReference; lastKnownFileType = sourcecode.swift; path = TableViewCell.swift; sourceTree = "<group>"; };
		845B03E42647F1D900062A3A /* AES256.storyboard */ = {isa = PBXFileReference; lastKnownFileType = file.storyboard; path = AES256.storyboard; sourceTree = "<group>"; };
		845B03E62647F1E700062A3A /* AES256ViewController.swift */ = {isa = PBXFileReference; lastKnownFileType = sourcecode.swift; path = AES256ViewController.swift; sourceTree = "<group>"; };
		845B03E82647F4AF00062A3A /* AES.swift */ = {isa = PBXFileReference; fileEncoding = 4; lastKnownFileType = sourcecode.swift; path = AES.swift; sourceTree = "<group>"; };
		84647E62263698720094F9CE /* TableView2ViewController.swift */ = {isa = PBXFileReference; lastKnownFileType = sourcecode.swift; path = TableView2ViewController.swift; sourceTree = "<group>"; };
		84647E652636AC510094F9CE /* TableView3ViewController.swift */ = {isa = PBXFileReference; lastKnownFileType = sourcecode.swift; path = TableView3ViewController.swift; sourceTree = "<group>"; };
		847BA9992648F8D100D84CE6 /* MapUseViewController.swift */ = {isa = PBXFileReference; lastKnownFileType = sourcecode.swift; path = MapUseViewController.swift; sourceTree = "<group>"; };
		847BA99B2648F8DE00D84CE6 /* MapUse.storyboard */ = {isa = PBXFileReference; lastKnownFileType = file.storyboard; path = MapUse.storyboard; sourceTree = "<group>"; };
		847BA99D26491EC700D84CE6 /* MapResultListViewController.swift */ = {isa = PBXFileReference; lastKnownFileType = sourcecode.swift; path = MapResultListViewController.swift; sourceTree = "<group>"; };
		84855E042637DD39009C1D0B /* WebView.storyboard */ = {isa = PBXFileReference; lastKnownFileType = file.storyboard; path = WebView.storyboard; sourceTree = "<group>"; };
		84855E072637DD49009C1D0B /* WebViewViewController.swift */ = {isa = PBXFileReference; lastKnownFileType = sourcecode.swift; path = WebViewViewController.swift; sourceTree = "<group>"; };
		84855E0D26380786009C1D0B /* TableViewSample.storyboard */ = {isa = PBXFileReference; lastKnownFileType = file.storyboard; path = TableViewSample.storyboard; sourceTree = "<group>"; };
		84855E102638079B009C1D0B /* TableViewSampleViewController.swift */ = {isa = PBXFileReference; lastKnownFileType = sourcecode.swift; path = TableViewSampleViewController.swift; sourceTree = "<group>"; };
		84855E14263809B6009C1D0B /* CollectionViewSampleViewController.swift */ = {isa = PBXFileReference; lastKnownFileType = sourcecode.swift; path = CollectionViewSampleViewController.swift; sourceTree = "<group>"; };
		84855E17263809CE009C1D0B /* CollectionViewSample.storyboard */ = {isa = PBXFileReference; lastKnownFileType = file.storyboard; path = CollectionViewSample.storyboard; sourceTree = "<group>"; };
		84855E1A26380AA8009C1D0B /* CollectionView1ViewController.swift */ = {isa = PBXFileReference; lastKnownFileType = sourcecode.swift; path = CollectionView1ViewController.swift; sourceTree = "<group>"; };
		84855E1F26380D8D009C1D0B /* CarCollectionViewCell.swift */ = {isa = PBXFileReference; lastKnownFileType = sourcecode.swift; path = CarCollectionViewCell.swift; sourceTree = "<group>"; };
		84894535263A3B2A00F50111 /* JsonParsingViewController.swift */ = {isa = PBXFileReference; lastKnownFileType = sourcecode.swift; path = JsonParsingViewController.swift; sourceTree = "<group>"; };
		84894537263A54AD00F50111 /* ThreadViewController.swift */ = {isa = PBXFileReference; lastKnownFileType = sourcecode.swift; path = ThreadViewController.swift; sourceTree = "<group>"; };
		84894539263A56C400F50111 /* ThreadDownloader.swift */ = {isa = PBXFileReference; lastKnownFileType = sourcecode.swift; path = ThreadDownloader.swift; sourceTree = "<group>"; };
		8489453B263A682900F50111 /* AlamofireViewController.swift */ = {isa = PBXFileReference; lastKnownFileType = sourcecode.swift; path = AlamofireViewController.swift; sourceTree = "<group>"; };
		8489453D263A725600F50111 /* Extension.swift */ = {isa = PBXFileReference; lastKnownFileType = sourcecode.swift; path = Extension.swift; sourceTree = "<group>"; };
		84894540263A8E8A00F50111 /* RestApi.storyboard */ = {isa = PBXFileReference; lastKnownFileType = file.storyboard; path = RestApi.storyboard; sourceTree = "<group>"; };
		84894542263A8E9C00F50111 /* RestApiViewController.swift */ = {isa = PBXFileReference; lastKnownFileType = sourcecode.swift; path = RestApiViewController.swift; sourceTree = "<group>"; };
		84894544263A8F0800F50111 /* KakaoSearchApiViewController.swift */ = {isa = PBXFileReference; lastKnownFileType = sourcecode.swift; path = KakaoSearchApiViewController.swift; sourceTree = "<group>"; };
		84A20A2E2648BE78005DDCC3 /* LocationUseViewController.swift */ = {isa = PBXFileReference; lastKnownFileType = sourcecode.swift; path = LocationUseViewController.swift; sourceTree = "<group>"; };
		84A20A302648BE83005DDCC3 /* LocationUse.storyboard */ = {isa = PBXFileReference; lastKnownFileType = file.storyboard; path = LocationUse.storyboard; sourceTree = "<group>"; };
		84AFF163263AA03F0068FE4E /* PostSampleViewController.swift */ = {isa = PBXFileReference; lastKnownFileType = sourcecode.swift; path = PostSampleViewController.swift; sourceTree = "<group>"; };
		84AFF165263AAA920068FE4E /* PostSampleResultViewController.swift */ = {isa = PBXFileReference; lastKnownFileType = sourcecode.swift; path = PostSampleResultViewController.swift; sourceTree = "<group>"; };
		84AFF169263AB44E0068FE4E /* PostSampleResultCell.swift */ = {isa = PBXFileReference; lastKnownFileType = sourcecode.swift; path = PostSampleResultCell.swift; sourceTree = "<group>"; };
		84BB7D3B26492D5A00FED24E /* MapResultRouteViewController.swift */ = {isa = PBXFileReference; lastKnownFileType = sourcecode.swift; path = MapResultRouteViewController.swift; sourceTree = "<group>"; };
		84BB7D3D2649397F00FED24E /* LocationConfig.swift */ = {isa = PBXFileReference; fileEncoding = 4; lastKnownFileType = sourcecode.swift; path = LocationConfig.swift; sourceTree = "<group>"; };
		84D4C4F32639309F00457906 /* Network.storyboard */ = {isa = PBXFileReference; lastKnownFileType = file.storyboard; path = Network.storyboard; sourceTree = "<group>"; };
		84D4C4F5263930E300457906 /* NetworkViewController.swift */ = {isa = PBXFileReference; lastKnownFileType = sourcecode.swift; path = NetworkViewController.swift; sourceTree = "<group>"; };
		84D4C4F72639323F00457906 /* WebImgDataViewController.swift */ = {isa = PBXFileReference; lastKnownFileType = sourcecode.swift; path = WebImgDataViewController.swift; sourceTree = "<group>"; };
		84D4C4F926394B3200457906 /* XmlParsingViewController.swift */ = {isa = PBXFileReference; lastKnownFileType = sourcecode.swift; path = XmlParsingViewController.swift; sourceTree = "<group>"; };
		84D4C4FB2639502E00457906 /* BookList.swift */ = {isa = PBXFileReference; lastKnownFileType = sourcecode.swift; path = BookList.swift; sourceTree = "<group>"; };
		84E59DE7263910B7000B87DD /* iOSSample-Bridging-Header.h */ = {isa = PBXFileReference; lastKnownFileType = sourcecode.c.h; path = "iOSSample-Bridging-Header.h"; sourceTree = "<group>"; };
		84E59DE9263910B8000B87DD /* TCPClient.swift */ = {isa = PBXFileReference; fileEncoding = 4; lastKnownFileType = sourcecode.swift; path = TCPClient.swift; sourceTree = "<group>"; };
		84E59DEA263910B8000B87DD /* Socket.swift */ = {isa = PBXFileReference; fileEncoding = 4; lastKnownFileType = sourcecode.swift; path = Socket.swift; sourceTree = "<group>"; };
		84E59DEB263910B8000B87DD /* UDPClient.swift */ = {isa = PBXFileReference; fileEncoding = 4; lastKnownFileType = sourcecode.swift; path = UDPClient.swift; sourceTree = "<group>"; };
		84E59DEC263910B8000B87DD /* ytcpsocket.c */ = {isa = PBXFileReference; fileEncoding = 4; lastKnownFileType = sourcecode.c.c; path = ytcpsocket.c; sourceTree = "<group>"; };
		84E59DED263910B8000B87DD /* yudpsocket.c */ = {isa = PBXFileReference; fileEncoding = 4; lastKnownFileType = sourcecode.c.c; path = yudpsocket.c; sourceTree = "<group>"; };
		84E59DEE263910B8000B87DD /* SwiftSocket.h */ = {isa = PBXFileReference; fileEncoding = 4; lastKnownFileType = sourcecode.c.h; path = SwiftSocket.h; sourceTree = "<group>"; };
		84E59DEF263910B8000B87DD /* Result.swift */ = {isa = PBXFileReference; fileEncoding = 4; lastKnownFileType = sourcecode.swift; path = Result.swift; sourceTree = "<group>"; };
		84EF3550264A476300105A96 /* inception.mp3 */ = {isa = PBXFileReference; lastKnownFileType = audio.mp3; path = inception.mp3; sourceTree = "<group>"; };
		84EF3552264A54CD00105A96 /* AudioRecordViewController.swift */ = {isa = PBXFileReference; lastKnownFileType = sourcecode.swift; path = AudioRecordViewController.swift; sourceTree = "<group>"; };
		84EF3556264A72A300105A96 /* ipadVideo.mp4 */ = {isa = PBXFileReference; lastKnownFileType = file; path = ipadVideo.mp4; sourceTree = "<group>"; };
		84F3520E2638F52300BA490C /* CollectionheaderView.swift */ = {isa = PBXFileReference; lastKnownFileType = sourcecode.swift; path = CollectionheaderView.swift; sourceTree = "<group>"; };
		84F352112639063100BA490C /* SocketUse.storyboard */ = {isa = PBXFileReference; lastKnownFileType = file.storyboard; path = SocketUse.storyboard; sourceTree = "<group>"; };
		84F352132639064600BA490C /* SocketUseViewController.swift */ = {isa = PBXFileReference; lastKnownFileType = sourcecode.swift; path = SocketUseViewController.swift; sourceTree = "<group>"; };
		84F35215263906E100BA490C /* Reachability.swift */ = {isa = PBXFileReference; lastKnownFileType = sourcecode.swift; path = Reachability.swift; sourceTree = "<group>"; };
		C771BD7C7F2E736E2E79C115 /* Pods-iOSSample.release.xcconfig */ = {isa = PBXFileReference; includeInIndex = 1; lastKnownFileType = text.xcconfig; name = "Pods-iOSSample.release.xcconfig"; path = "Target Support Files/Pods-iOSSample/Pods-iOSSample.release.xcconfig"; sourceTree = "<group>"; };
		FB4F7A97E4309AC157AF19D2 /* Pods-iOSSample.debug.xcconfig */ = {isa = PBXFileReference; includeInIndex = 1; lastKnownFileType = text.xcconfig; name = "Pods-iOSSample.debug.xcconfig"; path = "Target Support Files/Pods-iOSSample/Pods-iOSSample.debug.xcconfig"; sourceTree = "<group>"; };
/* End PBXFileReference section */

/* Begin PBXFrameworksBuildPhase section */
		8442A176262FAF700077C18A /* Frameworks */ = {
			isa = PBXFrameworksBuildPhase;
			buildActionMask = 2147483647;
			files = (
				EAF2B44A4571FDB08AC6DF44 /* Pods_iOSSample.framework in Frameworks */,
			);
			runOnlyForDeploymentPostprocessing = 0;
		};
/* End PBXFrameworksBuildPhase section */

/* Begin PBXGroup section */
		840C9C36264BF45C00A8138C /* NaverPapagoApi */ = {
			isa = PBXGroup;
			children = (
				840C9C37264BF49A00A8138C /* NaverPapagoApi.storyboard */,
				840C9C38264BF49A00A8138C /* NaverPapagoApiViewController.swift */,
			);
			path = NaverPapagoApi;
			sourceTree = "<group>";
		};
		8411FEC6263F877500527296 /* fmdb */ = {
			isa = PBXGroup;
			children = (
				8411FED1263F884000527296 /* FMDatabase.h */,
				8411FECA263F883F00527296 /* FMDatabase.m */,
				8411FECB263F883F00527296 /* FMDatabaseAdditions.h */,
				8411FEC8263F883F00527296 /* FMDatabaseAdditions.m */,
				8411FECF263F883F00527296 /* FMDatabasePool.h */,
				8411FECC263F883F00527296 /* FMDatabasePool.m */,
				8411FEC9263F883F00527296 /* FMDatabaseQueue.h */,
				8411FECD263F883F00527296 /* FMDatabaseQueue.m */,
				8411FECE263F883F00527296 /* FMDB.h */,
				8411FEC7263F883F00527296 /* FMResultSet.h */,
				8411FED0263F883F00527296 /* FMResultSet.m */,
			);
			path = fmdb;
			sourceTree = "<group>";
		};
		8411FEDC263F9D3E00527296 /* SQLiteSample */ = {
			isa = PBXGroup;
			children = (
				8411FEC6263F877500527296 /* fmdb */,
				8411FEC2263F836600527296 /* PhoneBookViewController.swift */,
				8411FEDA263F9D3100527296 /* PhoneBookDAO.swift */,
			);
			path = SQLiteSample;
			sourceTree = "<group>";
		};
		8411FF07263FE86400527296 /* CoreDataSample */ = {
			isa = PBXGroup;
			children = (
				8411FF05263FE85600527296 /* ToDoInputViewController.swift */,
				8403B53C264100170085E736 /* LogViewController.swift */,
				8411FF03263FDBC300527296 /* ToDoViewController.swift */,
			);
			path = CoreDataSample;
			sourceTree = "<group>";
		};
		8422FCD6263BE83500F688FD /* LocalDataSave */ = {
			isa = PBXGroup;
			children = (
				8411FF07263FE86400527296 /* CoreDataSample */,
				8411FEDC263F9D3E00527296 /* SQLiteSample */,
				8422FCD7263BE85500F688FD /* LocalDataSave.storyboard */,
				8422FCD9263BE86700F688FD /* LocalDataSaveViewController.swift */,
				8422FCDB263BEABE00F688FD /* AppDelegateViewController.swift */,
				8422FCDD263BEAE800F688FD /* AppDelegateInputViewController.swift */,
				8422FCDF263C001F00F688FD /* DocumentFileSaveViewController.swift */,
			);
			path = LocalDataSave;
			sourceTree = "<group>";
		};
		84297D0D264A339F0085ABB0 /* MultiMedia */ = {
			isa = PBXGroup;
			children = (
				84297D10264A33D40085ABB0 /* MultiMedia.storyboard */,
				84297D0E264A33B60085ABB0 /* MultiMediaViewController.swift */,
				84297D12264A387A0085ABB0 /* AudioPlayerViewController.swift */,
				84EF3552264A54CD00105A96 /* AudioRecordViewController.swift */,
				84EF3556264A72A300105A96 /* ipadVideo.mp4 */,
				84EF3550264A476300105A96 /* inception.mp3 */,
			);
			path = MultiMedia;
			sourceTree = "<group>";
		};
		842F1347263103E9008A172D /* Gesture */ = {
			isa = PBXGroup;
			children = (
				842F134826310407008A172D /* Gesture.storyboard */,
				842F134B26310416008A172D /* GestureViewController.swift */,
			);
			path = Gesture;
			sourceTree = "<group>";
		};
		842F134E2631129B008A172D /* ScrollView */ = {
			isa = PBXGroup;
			children = (
				842F1352263112CB008A172D /* ScrollView.storyboard */,
				842F134F263112B7008A172D /* ScrollViewViewController.swift */,
				842F13562631217D008A172D /* ImgScrollViewViewController.swift */,
				842F135926312197008A172D /* ImgSwipeViewController.swift */,
			);
			path = ScrollView;
			sourceTree = "<group>";
		};
		8442A170262FAF700077C18A = {
			isa = PBXGroup;
			children = (
				8442A17B262FAF700077C18A /* iOSSample */,
				8442A17A262FAF700077C18A /* Products */,
				AE41313D0C8A181C74ED6262 /* Pods */,
				A14F6A78927691A8723CB3C5 /* Frameworks */,
			);
			sourceTree = "<group>";
		};
		8442A17A262FAF700077C18A /* Products */ = {
			isa = PBXGroup;
			children = (
				8442A179262FAF700077C18A /* iOSSample.app */,
			);
			name = Products;
			sourceTree = "<group>";
		};
		8442A17B262FAF700077C18A /* iOSSample */ = {
			isa = PBXGroup;
			children = (
				84297D0D264A339F0085ABB0 /* MultiMedia */,
				847BA9982648F8B700D84CE6 /* MapUse */,
				84A20A2D2648BE23005DDCC3 /* LocationUse */,
				845B03E32647F1AA00062A3A /* AES256 */,
				8422FCD6263BE83500F688FD /* LocalDataSave */,
				8489453F263A8E6F00F50111 /* RestApi */,
				84D4C4F22639307700457906 /* Network */,
				84855E0B26380747009C1D0B /* CollectionView */,
				84855E0A2638073A009C1D0B /* TableView */,
				842F134E2631129B008A172D /* ScrollView */,
				842F1347263103E9008A172D /* Gesture */,
				8442A19E262FCDB40077C18A /* UIObject */,
				8442A191262FB3020077C18A /* Motion */,
				8442A17C262FAF700077C18A /* AppDelegate.swift */,
				8442A17E262FAF700077C18A /* SceneDelegate.swift */,
				8442A180262FAF700077C18A /* ViewController.swift */,
				8442A182262FAF700077C18A /* Main.storyboard */,
				8442A185262FAF710077C18A /* Assets.xcassets */,
				8442A187262FAF710077C18A /* LaunchScreen.storyboard */,
				84894546263A99FE00F50111 /* Component */,
				8442A198262FB5F00077C18A /* Extension */,
				8442A18A262FAF710077C18A /* Info.plist */,
				84E59DE7263910B7000B87DD /* iOSSample-Bridging-Header.h */,
				8411FF08263FF7A100527296 /* iOSSample.xcdatamodeld */,
			);
			path = iOSSample;
			sourceTree = "<group>";
		};
		8442A191262FB3020077C18A /* Motion */ = {
			isa = PBXGroup;
			children = (
				8442A192262FB4730077C18A /* Motion.storyboard */,
				8442A195262FB48C0077C18A /* MotionViewController.swift */,
			);
			path = Motion;
			sourceTree = "<group>";
		};
		8442A198262FB5F00077C18A /* Extension */ = {
			isa = PBXGroup;
			children = (
				8489453D263A725600F50111 /* Extension.swift */,
				8442A199262FB6200077C18A /* SubViewBackgroundDesign.swift */,
			);
			path = Extension;
			sourceTree = "<group>";
		};
		8442A19E262FCDB40077C18A /* UIObject */ = {
			isa = PBXGroup;
			children = (
				8442A1A0262FCDD80077C18A /* UIObject.storyboard */,
				8442A1AF262FD7880077C18A /* UIObjectViewController.swift */,
				8442A1A6262FD56C0077C18A /* LblViewController.swift */,
				8442A1B6262FDCB80077C18A /* BtnViewController.swift */,
				8442A1C0263018E30077C18A /* ImgViewViewController.swift */,
				842F135D26312D00008A172D /* PickerViewViewController.swift */,
			);
			path = UIObject;
			sourceTree = "<group>";
		};
		845B03E32647F1AA00062A3A /* AES256 */ = {
			isa = PBXGroup;
			children = (
				845B03E42647F1D900062A3A /* AES256.storyboard */,
				845B03E62647F1E700062A3A /* AES256ViewController.swift */,
				845B03E82647F4AF00062A3A /* AES.swift */,
			);
			path = AES256;
			sourceTree = "<group>";
		};
		847BA9982648F8B700D84CE6 /* MapUse */ = {
			isa = PBXGroup;
			children = (
				847BA99B2648F8DE00D84CE6 /* MapUse.storyboard */,
				847BA9992648F8D100D84CE6 /* MapUseViewController.swift */,
				847BA99D26491EC700D84CE6 /* MapResultListViewController.swift */,
				84BB7D3B26492D5A00FED24E /* MapResultRouteViewController.swift */,
			);
			path = MapUse;
			sourceTree = "<group>";
		};
		84855E032637DD1D009C1D0B /* WebView */ = {
			isa = PBXGroup;
			children = (
				84855E042637DD39009C1D0B /* WebView.storyboard */,
				84855E072637DD49009C1D0B /* WebViewViewController.swift */,
			);
			path = WebView;
			sourceTree = "<group>";
		};
		84855E0A2638073A009C1D0B /* TableView */ = {
			isa = PBXGroup;
			children = (
				84576F1F2632A2F30004FF3D /* TableViewViewController.swift */,
				84576F2A2632D3BD0004FF3D /* TableViewCell.swift */,
				84647E62263698720094F9CE /* TableView2ViewController.swift */,
				84647E652636AC510094F9CE /* TableView3ViewController.swift */,
				84855E102638079B009C1D0B /* TableViewSampleViewController.swift */,
				84855E0D26380786009C1D0B /* TableViewSample.storyboard */,
			);
			path = TableView;
			sourceTree = "<group>";
		};
		84855E0B26380747009C1D0B /* CollectionView */ = {
			isa = PBXGroup;
			children = (
				84855E14263809B6009C1D0B /* CollectionViewSampleViewController.swift */,
				84855E1A26380AA8009C1D0B /* CollectionView1ViewController.swift */,
				84855E17263809CE009C1D0B /* CollectionViewSample.storyboard */,
				84855E1F26380D8D009C1D0B /* CarCollectionViewCell.swift */,
				84F3520E2638F52300BA490C /* CollectionheaderView.swift */,
			);
			path = CollectionView;
			sourceTree = "<group>";
		};
		8489453F263A8E6F00F50111 /* RestApi */ = {
			isa = PBXGroup;
			children = (
				840C9C36264BF45C00A8138C /* NaverPapagoApi */,
				84894540263A8E8A00F50111 /* RestApi.storyboard */,
				84894542263A8E9C00F50111 /* RestApiViewController.swift */,
				84894544263A8F0800F50111 /* KakaoSearchApiViewController.swift */,
				84AFF163263AA03F0068FE4E /* PostSampleViewController.swift */,
				84AFF165263AAA920068FE4E /* PostSampleResultViewController.swift */,
				84AFF169263AB44E0068FE4E /* PostSampleResultCell.swift */,
				8422FCCE263B945400F688FD /* MovieListViewController.swift */,
				8422FCD0263B9B1B00F688FD /* MovieListTableViewCell.swift */,
				8422FCD2263BA45300F688FD /* MovieVO.swift */,
				8422FCD4263BD00F00F688FD /* MovieListLinkViewController.swift */,
			);
			path = RestApi;
			sourceTree = "<group>";
		};
		84894546263A99FE00F50111 /* Component */ = {
			isa = PBXGroup;
			children = (
				840C9C3B264BF51000A8138C /* Component.swift */,
				84BB7D3D2649397F00FED24E /* LocationConfig.swift */,
				84F35215263906E100BA490C /* Reachability.swift */,
			);
			path = Component;
			sourceTree = "<group>";
		};
		84A20A2D2648BE23005DDCC3 /* LocationUse */ = {
			isa = PBXGroup;
			children = (
				84A20A302648BE83005DDCC3 /* LocationUse.storyboard */,
				84A20A2E2648BE78005DDCC3 /* LocationUseViewController.swift */,
			);
			path = LocationUse;
			sourceTree = "<group>";
		};
		84D4C4F22639307700457906 /* Network */ = {
			isa = PBXGroup;
			children = (
				84855E032637DD1D009C1D0B /* WebView */,
				84F352102639060C00BA490C /* SocketUse */,
				84D4C4F32639309F00457906 /* Network.storyboard */,
				84D4C4F5263930E300457906 /* NetworkViewController.swift */,
				84D4C4F72639323F00457906 /* WebImgDataViewController.swift */,
				84D4C4F926394B3200457906 /* XmlParsingViewController.swift */,
				84D4C4FB2639502E00457906 /* BookList.swift */,
				84894535263A3B2A00F50111 /* JsonParsingViewController.swift */,
				84894537263A54AD00F50111 /* ThreadViewController.swift */,
				84894539263A56C400F50111 /* ThreadDownloader.swift */,
				8489453B263A682900F50111 /* AlamofireViewController.swift */,
			);
			path = Network;
			sourceTree = "<group>";
		};
		84E59DE626391094000B87DD /* iOSSocket */ = {
			isa = PBXGroup;
			children = (
				84E59DEF263910B8000B87DD /* Result.swift */,
				84E59DEA263910B8000B87DD /* Socket.swift */,
				84E59DEE263910B8000B87DD /* SwiftSocket.h */,
				84E59DE9263910B8000B87DD /* TCPClient.swift */,
				84E59DEB263910B8000B87DD /* UDPClient.swift */,
				84E59DEC263910B8000B87DD /* ytcpsocket.c */,
				84E59DED263910B8000B87DD /* yudpsocket.c */,
			);
			path = iOSSocket;
			sourceTree = "<group>";
		};
		84F352102639060C00BA490C /* SocketUse */ = {
			isa = PBXGroup;
			children = (
				84E59DE626391094000B87DD /* iOSSocket */,
				84F352112639063100BA490C /* SocketUse.storyboard */,
				84F352132639064600BA490C /* SocketUseViewController.swift */,
			);
			path = SocketUse;
			sourceTree = "<group>";
		};
		A14F6A78927691A8723CB3C5 /* Frameworks */ = {
			isa = PBXGroup;
			children = (
				8411FEC4263F837000527296 /* libsqlite3.0.tbd */,
				63E697018CECE9168504E659 /* Pods_iOSSample.framework */,
			);
			name = Frameworks;
			sourceTree = "<group>";
		};
		AE41313D0C8A181C74ED6262 /* Pods */ = {
			isa = PBXGroup;
			children = (
				FB4F7A97E4309AC157AF19D2 /* Pods-iOSSample.debug.xcconfig */,
				C771BD7C7F2E736E2E79C115 /* Pods-iOSSample.release.xcconfig */,
			);
			path = Pods;
			sourceTree = "<group>";
		};
/* End PBXGroup section */

/* Begin PBXNativeTarget section */
		8442A178262FAF700077C18A /* iOSSample */ = {
			isa = PBXNativeTarget;
			buildConfigurationList = 8442A18D262FAF710077C18A /* Build configuration list for PBXNativeTarget "iOSSample" */;
			buildPhases = (
				591E4B563DE74F2EB3D528EE /* [CP] Check Pods Manifest.lock */,
				8442A175262FAF700077C18A /* Sources */,
				8442A176262FAF700077C18A /* Frameworks */,
				8442A177262FAF700077C18A /* Resources */,
				488ADC3DDC4F148C7FD28D84 /* [CP] Embed Pods Frameworks */,
			);
			buildRules = (
			);
			dependencies = (
			);
			name = iOSSample;
			productName = iOSSample;
			productReference = 8442A179262FAF700077C18A /* iOSSample.app */;
			productType = "com.apple.product-type.application";
		};
/* End PBXNativeTarget section */

/* Begin PBXProject section */
		8442A171262FAF700077C18A /* Project object */ = {
			isa = PBXProject;
			attributes = {
				LastSwiftUpdateCheck = 1240;
				LastUpgradeCheck = 1240;
				TargetAttributes = {
					8442A178262FAF700077C18A = {
						CreatedOnToolsVersion = 12.4;
						LastSwiftMigration = 1250;
					};
				};
			};
			buildConfigurationList = 8442A174262FAF700077C18A /* Build configuration list for PBXProject "iOSSample" */;
			compatibilityVersion = "Xcode 9.3";
			developmentRegion = en;
			hasScannedForEncodings = 0;
			knownRegions = (
				en,
				Base,
			);
			mainGroup = 8442A170262FAF700077C18A;
			productRefGroup = 8442A17A262FAF700077C18A /* Products */;
			projectDirPath = "";
			projectRoot = "";
			targets = (
				8442A178262FAF700077C18A /* iOSSample */,
			);
		};
/* End PBXProject section */

/* Begin PBXResourcesBuildPhase section */
		8442A177262FAF700077C18A /* Resources */ = {
			isa = PBXResourcesBuildPhase;
			buildActionMask = 2147483647;
			files = (
				84F352122639063100BA490C /* SocketUse.storyboard in Resources */,
				8442A189262FAF710077C18A /* LaunchScreen.storyboard in Resources */,
				84894541263A8E8A00F50111 /* RestApi.storyboard in Resources */,
				84A20A312648BE83005DDCC3 /* LocationUse.storyboard in Resources */,
				84855E0E26380786009C1D0B /* TableViewSample.storyboard in Resources */,
				845B03E52647F1D900062A3A /* AES256.storyboard in Resources */,
				84D4C4F42639309F00457906 /* Network.storyboard in Resources */,
				84297D11264A33D40085ABB0 /* MultiMedia.storyboard in Resources */,
				8422FCD8263BE85500F688FD /* LocalDataSave.storyboard in Resources */,
				84EF3557264A748900105A96 /* ipadVideo.mp4 in Resources */,
				8442A1A1262FCDD80077C18A /* UIObject.storyboard in Resources */,
				847BA99C2648F8DE00D84CE6 /* MapUse.storyboard in Resources */,
				84855E052637DD39009C1D0B /* WebView.storyboard in Resources */,
				8442A186262FAF710077C18A /* Assets.xcassets in Resources */,
				8442A193262FB4730077C18A /* Motion.storyboard in Resources */,
				842F134926310407008A172D /* Gesture.storyboard in Resources */,
				84855E18263809CE009C1D0B /* CollectionViewSample.storyboard in Resources */,
				842F1353263112CB008A172D /* ScrollView.storyboard in Resources */,
				8442A184262FAF700077C18A /* Main.storyboard in Resources */,
				840C9C39264BF49A00A8138C /* NaverPapagoApi.storyboard in Resources */,
				84EF3551264A476300105A96 /* inception.mp3 in Resources */,
			);
			runOnlyForDeploymentPostprocessing = 0;
		};
/* End PBXResourcesBuildPhase section */

/* Begin PBXShellScriptBuildPhase section */
		488ADC3DDC4F148C7FD28D84 /* [CP] Embed Pods Frameworks */ = {
			isa = PBXShellScriptBuildPhase;
			buildActionMask = 2147483647;
			files = (
			);
			inputFileListPaths = (
				"${PODS_ROOT}/Target Support Files/Pods-iOSSample/Pods-iOSSample-frameworks-${CONFIGURATION}-input-files.xcfilelist",
			);
			name = "[CP] Embed Pods Frameworks";
			outputFileListPaths = (
				"${PODS_ROOT}/Target Support Files/Pods-iOSSample/Pods-iOSSample-frameworks-${CONFIGURATION}-output-files.xcfilelist",
			);
			runOnlyForDeploymentPostprocessing = 0;
			shellPath = /bin/sh;
			shellScript = "\"${PODS_ROOT}/Target Support Files/Pods-iOSSample/Pods-iOSSample-frameworks.sh\"\n";
			showEnvVarsInLog = 0;
		};
		591E4B563DE74F2EB3D528EE /* [CP] Check Pods Manifest.lock */ = {
			isa = PBXShellScriptBuildPhase;
			buildActionMask = 2147483647;
			files = (
			);
			inputFileListPaths = (
			);
			inputPaths = (
				"${PODS_PODFILE_DIR_PATH}/Podfile.lock",
				"${PODS_ROOT}/Manifest.lock",
			);
			name = "[CP] Check Pods Manifest.lock";
			outputFileListPaths = (
			);
			outputPaths = (
				"$(DERIVED_FILE_DIR)/Pods-iOSSample-checkManifestLockResult.txt",
			);
			runOnlyForDeploymentPostprocessing = 0;
			shellPath = /bin/sh;
			shellScript = "diff \"${PODS_PODFILE_DIR_PATH}/Podfile.lock\" \"${PODS_ROOT}/Manifest.lock\" > /dev/null\nif [ $? != 0 ] ; then\n    # print error to STDERR\n    echo \"error: The sandbox is not in sync with the Podfile.lock. Run 'pod install' or update your CocoaPods installation.\" >&2\n    exit 1\nfi\n# This output is used by Xcode 'outputs' to avoid re-running this script phase.\necho \"SUCCESS\" > \"${SCRIPT_OUTPUT_FILE_0}\"\n";
			showEnvVarsInLog = 0;
		};
/* End PBXShellScriptBuildPhase section */

/* Begin PBXSourcesBuildPhase section */
		8442A175262FAF700077C18A /* Sources */ = {
			isa = PBXSourcesBuildPhase;
			buildActionMask = 2147483647;
			files = (
				8422FCDE263BEAE800F688FD /* AppDelegateInputViewController.swift in Sources */,
				8442A181262FAF700077C18A /* ViewController.swift in Sources */,
				84576F2B2632D3BD0004FF3D /* TableViewCell.swift in Sources */,
				84855E112638079B009C1D0B /* TableViewSampleViewController.swift in Sources */,
				847BA99E26491EC700D84CE6 /* MapResultListViewController.swift in Sources */,
				84855E082637DD49009C1D0B /* WebViewViewController.swift in Sources */,
				84BB7D3E2649397F00FED24E /* LocationConfig.swift in Sources */,
				8422FCCF263B945400F688FD /* MovieListViewController.swift in Sources */,
				84E59DF3263910B8000B87DD /* ytcpsocket.c in Sources */,
				8442A17D262FAF700077C18A /* AppDelegate.swift in Sources */,
				8422FCD5263BD00F00F688FD /* MovieListLinkViewController.swift in Sources */,
				84E59DF5263910B8000B87DD /* Result.swift in Sources */,
				84894543263A8E9C00F50111 /* RestApiViewController.swift in Sources */,
				84BB7D3C26492D5A00FED24E /* MapResultRouteViewController.swift in Sources */,
				8422FCD3263BA45300F688FD /* MovieVO.swift in Sources */,
				840C9C3C264BF51000A8138C /* Component.swift in Sources */,
				8411FEDB263F9D3100527296 /* PhoneBookDAO.swift in Sources */,
				8411FF04263FDBC300527296 /* ToDoViewController.swift in Sources */,
				8442A1B0262FD7880077C18A /* UIObjectViewController.swift in Sources */,
				84E59DF2263910B8000B87DD /* UDPClient.swift in Sources */,
				8442A19A262FB6200077C18A /* SubViewBackgroundDesign.swift in Sources */,
				84576F202632A2F30004FF3D /* TableViewViewController.swift in Sources */,
				845B03E72647F1E700062A3A /* AES256ViewController.swift in Sources */,
				84AFF16A263AB44E0068FE4E /* PostSampleResultCell.swift in Sources */,
				84E59DF1263910B8000B87DD /* Socket.swift in Sources */,
				84647E662636AC510094F9CE /* TableView3ViewController.swift in Sources */,
				84D4C4F6263930E300457906 /* NetworkViewController.swift in Sources */,
				84F3520F2638F52300BA490C /* CollectionheaderView.swift in Sources */,
				8489453C263A682900F50111 /* AlamofireViewController.swift in Sources */,
				8422FCDC263BEABE00F688FD /* AppDelegateViewController.swift in Sources */,
				84855E2026380D8D009C1D0B /* CarCollectionViewCell.swift in Sources */,
				84E59DF0263910B8000B87DD /* TCPClient.swift in Sources */,
				84855E1B26380AA8009C1D0B /* CollectionView1ViewController.swift in Sources */,
				8422FCD1263B9B1B00F688FD /* MovieListTableViewCell.swift in Sources */,
				84D4C4FA26394B3200457906 /* XmlParsingViewController.swift in Sources */,
				84F35216263906E100BA490C /* Reachability.swift in Sources */,
				842F1350263112B7008A172D /* ScrollViewViewController.swift in Sources */,
				8442A196262FB48C0077C18A /* MotionViewController.swift in Sources */,
				84AFF166263AAA920068FE4E /* PostSampleResultViewController.swift in Sources */,
				84D4C4F82639323F00457906 /* WebImgDataViewController.swift in Sources */,
				8411FED4263F884000527296 /* FMDatabasePool.m in Sources */,
				847BA99A2648F8D100D84CE6 /* MapUseViewController.swift in Sources */,
				84894536263A3B2A00F50111 /* JsonParsingViewController.swift in Sources */,
				845B03E92647F4AF00062A3A /* AES.swift in Sources */,
				8403B53D264100170085E736 /* LogViewController.swift in Sources */,
				842F13572631217D008A172D /* ImgScrollViewViewController.swift in Sources */,
				84894545263A8F0800F50111 /* KakaoSearchApiViewController.swift in Sources */,
				84AFF164263AA03F0068FE4E /* PostSampleViewController.swift in Sources */,
				8442A1A7262FD56C0077C18A /* LblViewController.swift in Sources */,
				842F135A26312197008A172D /* ImgSwipeViewController.swift in Sources */,
				8411FED3263F884000527296 /* FMDatabase.m in Sources */,
				84647E63263698720094F9CE /* TableView2ViewController.swift in Sources */,
				84A20A2F2648BE78005DDCC3 /* LocationUseViewController.swift in Sources */,
				8489453A263A56C400F50111 /* ThreadDownloader.swift in Sources */,
				84F352142639064600BA490C /* SocketUseViewController.swift in Sources */,
				84297D13264A387A0085ABB0 /* AudioPlayerViewController.swift in Sources */,
				84EF3553264A54CD00105A96 /* AudioRecordViewController.swift in Sources */,
				8422FCE0263C001F00F688FD /* DocumentFileSaveViewController.swift in Sources */,
				8442A17F262FAF700077C18A /* SceneDelegate.swift in Sources */,
				8411FED5263F884000527296 /* FMDatabaseQueue.m in Sources */,
				8489453E263A725600F50111 /* Extension.swift in Sources */,
				84855E15263809B6009C1D0B /* CollectionViewSampleViewController.swift in Sources */,
				8442A1B7262FDCB80077C18A /* BtnViewController.swift in Sources */,
				8411FED2263F884000527296 /* FMDatabaseAdditions.m in Sources */,
				84894538263A54AD00F50111 /* ThreadViewController.swift in Sources */,
				842F134C26310416008A172D /* GestureViewController.swift in Sources */,
				8411FF0A263FF7A100527296 /* iOSSample.xcdatamodeld in Sources */,
				840C9C3A264BF49A00A8138C /* NaverPapagoApiViewController.swift in Sources */,
				8422FCDA263BE86700F688FD /* LocalDataSaveViewController.swift in Sources */,
				8411FED6263F884000527296 /* FMResultSet.m in Sources */,
				8411FEC3263F836600527296 /* PhoneBookViewController.swift in Sources */,
				84297D0F264A33B60085ABB0 /* MultiMediaViewController.swift in Sources */,
				84D4C4FC2639502E00457906 /* BookList.swift in Sources */,
				8442A1C1263018E40077C18A /* ImgViewViewController.swift in Sources */,
				8411FF06263FE85600527296 /* ToDoInputViewController.swift in Sources */,
				84E59DF4263910B8000B87DD /* yudpsocket.c in Sources */,
				842F135E26312D00008A172D /* PickerViewViewController.swift in Sources */,
			);
			runOnlyForDeploymentPostprocessing = 0;
		};
/* End PBXSourcesBuildPhase section */

/* Begin PBXVariantGroup section */
		8442A182262FAF700077C18A /* Main.storyboard */ = {
			isa = PBXVariantGroup;
			children = (
				8442A183262FAF700077C18A /* Base */,
			);
			name = Main.storyboard;
			sourceTree = "<group>";
		};
		8442A187262FAF710077C18A /* LaunchScreen.storyboard */ = {
			isa = PBXVariantGroup;
			children = (
				8442A188262FAF710077C18A /* Base */,
			);
			name = LaunchScreen.storyboard;
			sourceTree = "<group>";
		};
/* End PBXVariantGroup section */

/* Begin XCBuildConfiguration section */
		8442A18B262FAF710077C18A /* Debug */ = {
			isa = XCBuildConfiguration;
			buildSettings = {
				ALWAYS_SEARCH_USER_PATHS = NO;
				CLANG_ANALYZER_NONNULL = YES;
				CLANG_ANALYZER_NUMBER_OBJECT_CONVERSION = YES_AGGRESSIVE;
				CLANG_CXX_LANGUAGE_STANDARD = "gnu++14";
				CLANG_CXX_LIBRARY = "libc++";
				CLANG_ENABLE_MODULES = YES;
				CLANG_ENABLE_OBJC_ARC = YES;
				CLANG_ENABLE_OBJC_WEAK = YES;
				CLANG_WARN_BLOCK_CAPTURE_AUTORELEASING = YES;
				CLANG_WARN_BOOL_CONVERSION = YES;
				CLANG_WARN_COMMA = YES;
				CLANG_WARN_CONSTANT_CONVERSION = YES;
				CLANG_WARN_DEPRECATED_OBJC_IMPLEMENTATIONS = YES;
				CLANG_WARN_DIRECT_OBJC_ISA_USAGE = YES_ERROR;
				CLANG_WARN_DOCUMENTATION_COMMENTS = YES;
				CLANG_WARN_EMPTY_BODY = YES;
				CLANG_WARN_ENUM_CONVERSION = YES;
				CLANG_WARN_INFINITE_RECURSION = YES;
				CLANG_WARN_INT_CONVERSION = YES;
				CLANG_WARN_NON_LITERAL_NULL_CONVERSION = YES;
				CLANG_WARN_OBJC_IMPLICIT_RETAIN_SELF = YES;
				CLANG_WARN_OBJC_LITERAL_CONVERSION = YES;
				CLANG_WARN_OBJC_ROOT_CLASS = YES_ERROR;
				CLANG_WARN_QUOTED_INCLUDE_IN_FRAMEWORK_HEADER = YES;
				CLANG_WARN_RANGE_LOOP_ANALYSIS = YES;
				CLANG_WARN_STRICT_PROTOTYPES = YES;
				CLANG_WARN_SUSPICIOUS_MOVE = YES;
				CLANG_WARN_UNGUARDED_AVAILABILITY = YES_AGGRESSIVE;
				CLANG_WARN_UNREACHABLE_CODE = YES;
				CLANG_WARN__DUPLICATE_METHOD_MATCH = YES;
				COPY_PHASE_STRIP = NO;
				DEBUG_INFORMATION_FORMAT = dwarf;
				ENABLE_STRICT_OBJC_MSGSEND = YES;
				ENABLE_TESTABILITY = YES;
				GCC_C_LANGUAGE_STANDARD = gnu11;
				GCC_DYNAMIC_NO_PIC = NO;
				GCC_NO_COMMON_BLOCKS = YES;
				GCC_OPTIMIZATION_LEVEL = 0;
				GCC_PREPROCESSOR_DEFINITIONS = (
					"DEBUG=1",
					"$(inherited)",
				);
				GCC_WARN_64_TO_32_BIT_CONVERSION = YES;
				GCC_WARN_ABOUT_RETURN_TYPE = YES_ERROR;
				GCC_WARN_UNDECLARED_SELECTOR = YES;
				GCC_WARN_UNINITIALIZED_AUTOS = YES_AGGRESSIVE;
				GCC_WARN_UNUSED_FUNCTION = YES;
				GCC_WARN_UNUSED_VARIABLE = YES;
				IPHONEOS_DEPLOYMENT_TARGET = 13.0;
				MTL_ENABLE_DEBUG_INFO = INCLUDE_SOURCE;
				MTL_FAST_MATH = YES;
				ONLY_ACTIVE_ARCH = YES;
				SDKROOT = iphoneos;
				SWIFT_ACTIVE_COMPILATION_CONDITIONS = DEBUG;
				SWIFT_OPTIMIZATION_LEVEL = "-Onone";
			};
			name = Debug;
		};
		8442A18C262FAF710077C18A /* Release */ = {
			isa = XCBuildConfiguration;
			buildSettings = {
				ALWAYS_SEARCH_USER_PATHS = NO;
				CLANG_ANALYZER_NONNULL = YES;
				CLANG_ANALYZER_NUMBER_OBJECT_CONVERSION = YES_AGGRESSIVE;
				CLANG_CXX_LANGUAGE_STANDARD = "gnu++14";
				CLANG_CXX_LIBRARY = "libc++";
				CLANG_ENABLE_MODULES = YES;
				CLANG_ENABLE_OBJC_ARC = YES;
				CLANG_ENABLE_OBJC_WEAK = YES;
				CLANG_WARN_BLOCK_CAPTURE_AUTORELEASING = YES;
				CLANG_WARN_BOOL_CONVERSION = YES;
				CLANG_WARN_COMMA = YES;
				CLANG_WARN_CONSTANT_CONVERSION = YES;
				CLANG_WARN_DEPRECATED_OBJC_IMPLEMENTATIONS = YES;
				CLANG_WARN_DIRECT_OBJC_ISA_USAGE = YES_ERROR;
				CLANG_WARN_DOCUMENTATION_COMMENTS = YES;
				CLANG_WARN_EMPTY_BODY = YES;
				CLANG_WARN_ENUM_CONVERSION = YES;
				CLANG_WARN_INFINITE_RECURSION = YES;
				CLANG_WARN_INT_CONVERSION = YES;
				CLANG_WARN_NON_LITERAL_NULL_CONVERSION = YES;
				CLANG_WARN_OBJC_IMPLICIT_RETAIN_SELF = YES;
				CLANG_WARN_OBJC_LITERAL_CONVERSION = YES;
				CLANG_WARN_OBJC_ROOT_CLASS = YES_ERROR;
				CLANG_WARN_QUOTED_INCLUDE_IN_FRAMEWORK_HEADER = YES;
				CLANG_WARN_RANGE_LOOP_ANALYSIS = YES;
				CLANG_WARN_STRICT_PROTOTYPES = YES;
				CLANG_WARN_SUSPICIOUS_MOVE = YES;
				CLANG_WARN_UNGUARDED_AVAILABILITY = YES_AGGRESSIVE;
				CLANG_WARN_UNREACHABLE_CODE = YES;
				CLANG_WARN__DUPLICATE_METHOD_MATCH = YES;
				COPY_PHASE_STRIP = NO;
				DEBUG_INFORMATION_FORMAT = "dwarf-with-dsym";
				ENABLE_NS_ASSERTIONS = NO;
				ENABLE_STRICT_OBJC_MSGSEND = YES;
				GCC_C_LANGUAGE_STANDARD = gnu11;
				GCC_NO_COMMON_BLOCKS = YES;
				GCC_WARN_64_TO_32_BIT_CONVERSION = YES;
				GCC_WARN_ABOUT_RETURN_TYPE = YES_ERROR;
				GCC_WARN_UNDECLARED_SELECTOR = YES;
				GCC_WARN_UNINITIALIZED_AUTOS = YES_AGGRESSIVE;
				GCC_WARN_UNUSED_FUNCTION = YES;
				GCC_WARN_UNUSED_VARIABLE = YES;
				IPHONEOS_DEPLOYMENT_TARGET = 13.0;
				MTL_ENABLE_DEBUG_INFO = NO;
				MTL_FAST_MATH = YES;
				SDKROOT = iphoneos;
				SWIFT_COMPILATION_MODE = wholemodule;
				SWIFT_OPTIMIZATION_LEVEL = "-O";
				VALIDATE_PRODUCT = YES;
			};
			name = Release;
		};
		8442A18E262FAF710077C18A /* Debug */ = {
			isa = XCBuildConfiguration;
			baseConfigurationReference = FB4F7A97E4309AC157AF19D2 /* Pods-iOSSample.debug.xcconfig */;
			buildSettings = {
				ASSETCATALOG_COMPILER_APPICON_NAME = AppIcon;
				ASSETCATALOG_COMPILER_GLOBAL_ACCENT_COLOR_NAME = AccentColor;
				CLANG_ENABLE_MODULES = YES;
				CODE_SIGN_STYLE = Automatic;
				DEVELOPMENT_TEAM = FWT45ZL3HF;
				INFOPLIST_FILE = iOSSample/Info.plist;
				IPHONEOS_DEPLOYMENT_TARGET = 13.0;
				LD_RUNPATH_SEARCH_PATHS = (
					"$(inherited)",
					"@executable_path/Frameworks",
				);
				PRODUCT_BUNDLE_IDENTIFIER = com.injunhong.iOSSample;
				PRODUCT_NAME = "$(TARGET_NAME)";
				SWIFT_OBJC_BRIDGING_HEADER = "iOSSample/iOSSample-Bridging-Header.h";
				SWIFT_OPTIMIZATION_LEVEL = "-Onone";
				SWIFT_VERSION = 5.0;
				TARGETED_DEVICE_FAMILY = 1;
			};
			name = Debug;
		};
		8442A18F262FAF710077C18A /* Release */ = {
			isa = XCBuildConfiguration;
			baseConfigurationReference = C771BD7C7F2E736E2E79C115 /* Pods-iOSSample.release.xcconfig */;
			buildSettings = {
				ASSETCATALOG_COMPILER_APPICON_NAME = AppIcon;
				ASSETCATALOG_COMPILER_GLOBAL_ACCENT_COLOR_NAME = AccentColor;
				CLANG_ENABLE_MODULES = YES;
				CODE_SIGN_STYLE = Automatic;
				DEVELOPMENT_TEAM = FWT45ZL3HF;
				INFOPLIST_FILE = iOSSample/Info.plist;
				IPHONEOS_DEPLOYMENT_TARGET = 13.0;
				LD_RUNPATH_SEARCH_PATHS = (
					"$(inherited)",
					"@executable_path/Frameworks",
				);
				PRODUCT_BUNDLE_IDENTIFIER = com.injunhong.iOSSample;
				PRODUCT_NAME = "$(TARGET_NAME)";
				SWIFT_OBJC_BRIDGING_HEADER = "iOSSample/iOSSample-Bridging-Header.h";
				SWIFT_VERSION = 5.0;
				TARGETED_DEVICE_FAMILY = 1;
			};
			name = Release;
		};
/* End XCBuildConfiguration section */

/* Begin XCConfigurationList section */
		8442A174262FAF700077C18A /* Build configuration list for PBXProject "iOSSample" */ = {
			isa = XCConfigurationList;
			buildConfigurations = (
				8442A18B262FAF710077C18A /* Debug */,
				8442A18C262FAF710077C18A /* Release */,
			);
			defaultConfigurationIsVisible = 0;
			defaultConfigurationName = Release;
		};
		8442A18D262FAF710077C18A /* Build configuration list for PBXNativeTarget "iOSSample" */ = {
			isa = XCConfigurationList;
			buildConfigurations = (
				8442A18E262FAF710077C18A /* Debug */,
				8442A18F262FAF710077C18A /* Release */,
			);
			defaultConfigurationIsVisible = 0;
			defaultConfigurationName = Release;
		};
/* End XCConfigurationList section */

/* Begin XCVersionGroup section */
		8411FF08263FF7A100527296 /* iOSSample.xcdatamodeld */ = {
			isa = XCVersionGroup;
			children = (
				8411FF09263FF7A100527296 /* iOSSample.xcdatamodel */,
			);
			currentVersion = 8411FF09263FF7A100527296 /* iOSSample.xcdatamodel */;
			path = iOSSample.xcdatamodeld;
			sourceTree = "<group>";
			versionGroupType = wrapper.xcdatamodel;
		};
/* End XCVersionGroup section */
	};
	rootObject = 8442A171262FAF700077C18A /* Project object */;
}
